PODS:
  - Alamofire (5.2.1)
  - AppAuth (1.4.0):
    - AppAuth/Core (= 1.4.0)
    - AppAuth/ExternalUserAgent (= 1.4.0)
  - AppAuth/Core (1.4.0)
  - AppAuth/ExternalUserAgent (1.4.0)
  - DynamicCodable (1.0)
  - GoogleSignIn (5.0.2):
    - AppAuth (~> 1.2)
    - GTMAppAuth (~> 1.0)
    - GTMSessionFetcher/Core (~> 1.1)
  - GTMAppAuth (1.0.0):
    - AppAuth/Core (~> 1.0)
    - GTMSessionFetcher (~> 1.1)
  - GTMSessionFetcher (1.4.0):
    - GTMSessionFetcher/Full (= 1.4.0)
  - GTMSessionFetcher/Core (1.4.0)
  - GTMSessionFetcher/Full (1.4.0):
    - GTMSessionFetcher/Core (= 1.4.0)
  - KakaoSDKAuth (2.0.4):
    - KakaoSDKCommon (= 2.0.4)
  - KakaoSDKCommon (2.0.4):
    - Alamofire (~> 5.1)
  - KakaoSDKUser (2.0.4):
    - KakaoSDKAuth (= 2.0.4)
    - KakaoSDKCommon (= 2.0.4)
  - KeychainAccess (4.2.0)
  - RxSwift (6.0.0)

DEPENDENCIES:
  - Alamofire
  - DynamicCodable
  - GoogleSignIn
  - KakaoSDKAuth
  - KakaoSDKCommon
  - KakaoSDKUser
  - KeychainAccess (~> 4.2)
  - RxSwift

SPEC REPOS:
  trunk:
    - Alamofire
    - AppAuth
    - DynamicCodable
    - GoogleSignIn
    - GTMAppAuth
    - GTMSessionFetcher
    - KakaoSDKAuth
    - KakaoSDKCommon
    - KakaoSDKUser
    - KeychainAccess
    - RxSwift

SPEC CHECKSUMS:
  Alamofire: e911732990610fe89af59ac0077f923d72dc3dfd
  AppAuth: 31bcec809a638d7bd2f86ea8a52bd45f6e81e7c7
  DynamicCodable: 2cf558d057b3e6540552943254e1c9eeb706dde2
  GoogleSignIn: 7137d297ddc022a7e0aa4619c86d72c909fa7213
  GTMAppAuth: 4deac854479704f348309e7b66189e604cf5e01e
  GTMSessionFetcher: 6f5c8abbab8a9bce4bb3f057e317728ec6182b10
  KakaoSDKAuth: 3a88e4a110243f8c6b9948c5ec85670c7acaebf6
  KakaoSDKCommon: 070472d0638ea6b28684a23c195e47015349e51b
  KakaoSDKUser: 7951e09f9e6de3908ae2d7f8486290c8607c217a
  KeychainAccess: 3f760109aa99b05d0f231e28b22642da7153e38a
  RxSwift: c14e798c59b9f6e9a2df8fd235602e85cc044295

PODFILE CHECKSUM: 31e02ec2fce00e5a5f1833736af5e228b3fd1471

COCOAPODS: 1.9.3
