// !$*UTF8*$!
{
	archiveVersion = 1;
	classes = {
	};
	objectVersion = 51;
	objects = {

/* Begin PBXBuildFile section */
		14BF6543191A0CE5D6812A4F /* libPods-Draft-DraftTests.a in Frameworks */ = {isa = PBXBuildFile; fileRef = 2AF3936A2113CDAA3546C593 /* libPods-Draft-DraftTests.a */; };
		380ABC8A24F9621400B212F0 /* SignInViewController+SignInAPI.swift in Sources */ = {isa = PBXBuildFile; fileRef = 380ABC8924F9621400B212F0 /* SignInViewController+SignInAPI.swift */; };
		380ABC8C24F9645B00B212F0 /* KeychainAccess.swift in Sources */ = {isa = PBXBuildFile; fileRef = 380ABC8B24F9645B00B212F0 /* KeychainAccess.swift */; };
		380B77C624C214FB00CB1CB2 /* GameDatePickerViewController.swift in Sources */ = {isa = PBXBuildFile; fileRef = 380B77C524C214FB00CB1CB2 /* GameDatePickerViewController.swift */; };
		381F86FF25553A9C0006AF46 /* Room.swift in Sources */ = {isa = PBXBuildFile; fileRef = 386D72CF246311F40099C35E /* Room.swift */; };
		381F870025553A9E0006AF46 /* RoomList.swift in Sources */ = {isa = PBXBuildFile; fileRef = 38D00C31248B3D7500F50F9B /* RoomList.swift */; };
		381F870125553AA00006AF46 /* Model-utilities.swift in Sources */ = {isa = PBXBuildFile; fileRef = 38D00C34248B3E7400F50F9B /* Model-utilities.swift */; };
		381F870225553AA60006AF46 /* RoomDetailViewController.swift in Sources */ = {isa = PBXBuildFile; fileRef = 386D72D3246312160099C35E /* RoomDetailViewController.swift */; };
		381F870325553AA60006AF46 /* RoomDetailViewController.swift in Sources */ = {isa = PBXBuildFile; fileRef = 386D72D3246312160099C35E /* RoomDetailViewController.swift */; };
		381F870425553AA80006AF46 /* RoomDetailVC+APIRequest.swift in Sources */ = {isa = PBXBuildFile; fileRef = 384FA83824B9FC6600FB3CF4 /* RoomDetailVC+APIRequest.swift */; };
		381F870525553AA90006AF46 /* RoomDetailVC+APIRequest.swift in Sources */ = {isa = PBXBuildFile; fileRef = 384FA83824B9FC6600FB3CF4 /* RoomDetailVC+APIRequest.swift */; };
		381F870625553AAC0006AF46 /* GameDatePickerViewController.swift in Sources */ = {isa = PBXBuildFile; fileRef = 380B77C524C214FB00CB1CB2 /* GameDatePickerViewController.swift */; };
		381F870725553AAC0006AF46 /* GameDatePickerViewController.swift in Sources */ = {isa = PBXBuildFile; fileRef = 380B77C524C214FB00CB1CB2 /* GameDatePickerViewController.swift */; };
		381F870825553AAF0006AF46 /* MatchingTableViewController.swift in Sources */ = {isa = PBXBuildFile; fileRef = 389703BC2455A81400FF5077 /* MatchingTableViewController.swift */; };
		381F870925553AB10006AF46 /* MatchingTableVC+APIRequest.swift in Sources */ = {isa = PBXBuildFile; fileRef = 3837B51A24B5AF960085E821 /* MatchingTableVC+APIRequest.swift */; };
		381F870A25553AB40006AF46 /* RoomCell.swift in Sources */ = {isa = PBXBuildFile; fileRef = 3877004D25551513001CE522 /* RoomCell.swift */; };
		381F870B25553AB40006AF46 /* RoomCell.swift in Sources */ = {isa = PBXBuildFile; fileRef = 3877004D25551513001CE522 /* RoomCell.swift */; };
		381F870C25553ABC0006AF46 /* RoomCell.xib in Resources */ = {isa = PBXBuildFile; fileRef = 3877004E25551513001CE522 /* RoomCell.xib */; };
		381F870D25553ABC0006AF46 /* RoomCell.xib in Resources */ = {isa = PBXBuildFile; fileRef = 3877004E25551513001CE522 /* RoomCell.xib */; };
		381F870E25553AC10006AF46 /* SignInViewController+SignInAPI.swift in Sources */ = {isa = PBXBuildFile; fileRef = 380ABC8924F9621400B212F0 /* SignInViewController+SignInAPI.swift */; };
		381F870F25553AC20006AF46 /* SignInViewController+SignInAPI.swift in Sources */ = {isa = PBXBuildFile; fileRef = 380ABC8924F9621400B212F0 /* SignInViewController+SignInAPI.swift */; };
		381F871225553AD40006AF46 /* APIRequests.swift in Sources */ = {isa = PBXBuildFile; fileRef = 383D384C25455AB400AA3E74 /* APIRequests.swift */; };
		381F871325553AD40006AF46 /* APIRequests.swift in Sources */ = {isa = PBXBuildFile; fileRef = 383D384C25455AB400AA3E74 /* APIRequests.swift */; };
		381F871425553AD60006AF46 /* APIRequests+user.swift in Sources */ = {isa = PBXBuildFile; fileRef = 38D5CE6D254BEB8800702A91 /* APIRequests+user.swift */; };
		381F871525553AD60006AF46 /* APIRequests+user.swift in Sources */ = {isa = PBXBuildFile; fileRef = 38D5CE6D254BEB8800702A91 /* APIRequests+user.swift */; };
		381F871625553AD80006AF46 /* APIRequests+room.swift in Sources */ = {isa = PBXBuildFile; fileRef = 38D5CE6F254BECA800702A91 /* APIRequests+room.swift */; };
		381F871725553AD80006AF46 /* APIRequests+room.swift in Sources */ = {isa = PBXBuildFile; fileRef = 38D5CE6F254BECA800702A91 /* APIRequests+room.swift */; };
		381F871825553AE60006AF46 /* Constants.swift in Sources */ = {isa = PBXBuildFile; fileRef = 38B0347C24F8F9F8005E759A /* Constants.swift */; };
		381F871925553AE70006AF46 /* Constants.swift in Sources */ = {isa = PBXBuildFile; fileRef = 38B0347C24F8F9F8005E759A /* Constants.swift */; };
		381F871A25553AEA0006AF46 /* KeychainAccess.swift in Sources */ = {isa = PBXBuildFile; fileRef = 380ABC8B24F9645B00B212F0 /* KeychainAccess.swift */; };
		381F871B25553AEA0006AF46 /* KeychainAccess.swift in Sources */ = {isa = PBXBuildFile; fileRef = 380ABC8B24F9645B00B212F0 /* KeychainAccess.swift */; };
		381F8721255541510006AF46 /* RoomListTest.swift in Sources */ = {isa = PBXBuildFile; fileRef = 381F8720255541510006AF46 /* RoomListTest.swift */; };
		381F87272557E0B00006AF46 /* RoomSearch.storyboard in Resources */ = {isa = PBXBuildFile; fileRef = 381F87262557E0B00006AF46 /* RoomSearch.storyboard */; };
		3837B51B24B5AF960085E821 /* MatchingTableVC+APIRequest.swift in Sources */ = {isa = PBXBuildFile; fileRef = 3837B51A24B5AF960085E821 /* MatchingTableVC+APIRequest.swift */; };
		3837B51C24B5AF960085E821 /* MatchingTableVC+APIRequest.swift in Sources */ = {isa = PBXBuildFile; fileRef = 3837B51A24B5AF960085E821 /* MatchingTableVC+APIRequest.swift */; };
		383C978B246EEA420013E6AF /* Room.swift in Sources */ = {isa = PBXBuildFile; fileRef = 386D72CF246311F40099C35E /* Room.swift */; };
		383D384D25455AB400AA3E74 /* APIRequests.swift in Sources */ = {isa = PBXBuildFile; fileRef = 383D384C25455AB400AA3E74 /* APIRequests.swift */; };
		38495BF8249DC22F0077C570 /* Model-utilities.swift in Sources */ = {isa = PBXBuildFile; fileRef = 38D00C34248B3E7400F50F9B /* Model-utilities.swift */; };
		384FA83924B9FC6600FB3CF4 /* RoomDetailVC+APIRequest.swift in Sources */ = {isa = PBXBuildFile; fileRef = 384FA83824B9FC6600FB3CF4 /* RoomDetailVC+APIRequest.swift */; };
		386D72D0246311F40099C35E /* Room.swift in Sources */ = {isa = PBXBuildFile; fileRef = 386D72CF246311F40099C35E /* Room.swift */; };
		386D72D4246312160099C35E /* RoomDetailViewController.swift in Sources */ = {isa = PBXBuildFile; fileRef = 386D72D3246312160099C35E /* RoomDetailViewController.swift */; };
		3877004F25551513001CE522 /* RoomCell.swift in Sources */ = {isa = PBXBuildFile; fileRef = 3877004D25551513001CE522 /* RoomCell.swift */; };
		3877005025551513001CE522 /* RoomCell.xib in Resources */ = {isa = PBXBuildFile; fileRef = 3877004E25551513001CE522 /* RoomCell.xib */; };
		388E1C2E24BC5BEB008DD24F /* MatchingTable.storyboard in Resources */ = {isa = PBXBuildFile; fileRef = 388E1C2D24BC5BEB008DD24F /* MatchingTable.storyboard */; };
		38969E0E24A6F7D70032F82C /* RoomRestAPITest.swift in Sources */ = {isa = PBXBuildFile; fileRef = 38969E0D24A6F7D70032F82C /* RoomRestAPITest.swift */; };
		38969E0F24A6F7F90032F82C /* MatchingTableViewController.swift in Sources */ = {isa = PBXBuildFile; fileRef = 389703BC2455A81400FF5077 /* MatchingTableViewController.swift */; };
		3897038424559A4900FF5077 /* AppDelegate.swift in Sources */ = {isa = PBXBuildFile; fileRef = 3897038324559A4900FF5077 /* AppDelegate.swift */; };
		3897038B24559A4900FF5077 /* Main.storyboard in Resources */ = {isa = PBXBuildFile; fileRef = 3897038924559A4900FF5077 /* Main.storyboard */; };
		3897038E24559A4900FF5077 /* Draft.xcdatamodeld in Sources */ = {isa = PBXBuildFile; fileRef = 3897038C24559A4900FF5077 /* Draft.xcdatamodeld */; };
		3897039024559A4C00FF5077 /* Assets.xcassets in Resources */ = {isa = PBXBuildFile; fileRef = 3897038F24559A4C00FF5077 /* Assets.xcassets */; };
		3897039E24559A4C00FF5077 /* DraftTests.swift in Sources */ = {isa = PBXBuildFile; fileRef = 3897039D24559A4C00FF5077 /* DraftTests.swift */; };
		389703A924559A4C00FF5077 /* DraftUITests.swift in Sources */ = {isa = PBXBuildFile; fileRef = 389703A824559A4C00FF5077 /* DraftUITests.swift */; };
		389703BD2455A81400FF5077 /* MatchingTableViewController.swift in Sources */ = {isa = PBXBuildFile; fileRef = 389703BC2455A81400FF5077 /* MatchingTableViewController.swift */; };
		38B0347D24F8F9F8005E759A /* Constants.swift in Sources */ = {isa = PBXBuildFile; fileRef = 38B0347C24F8F9F8005E759A /* Constants.swift */; };
		38D00C32248B3D7500F50F9B /* RoomList.swift in Sources */ = {isa = PBXBuildFile; fileRef = 38D00C31248B3D7500F50F9B /* RoomList.swift */; };
		38D00C33248B3D7500F50F9B /* RoomList.swift in Sources */ = {isa = PBXBuildFile; fileRef = 38D00C31248B3D7500F50F9B /* RoomList.swift */; };
		38D00C35248B3E7400F50F9B /* Model-utilities.swift in Sources */ = {isa = PBXBuildFile; fileRef = 38D00C34248B3E7400F50F9B /* Model-utilities.swift */; };
		38D5CE6E254BEB8800702A91 /* APIRequests+user.swift in Sources */ = {isa = PBXBuildFile; fileRef = 38D5CE6D254BEB8800702A91 /* APIRequests+user.swift */; };
		38D5CE70254BECA800702A91 /* APIRequests+room.swift in Sources */ = {isa = PBXBuildFile; fileRef = 38D5CE6F254BECA800702A91 /* APIRequests+room.swift */; };
		4FF07F0491F328E53BF8E674 /* libPods-Draft.a in Frameworks */ = {isa = PBXBuildFile; fileRef = C3E1FA4F66D337435B6B90C6 /* libPods-Draft.a */; };
		BF7287FB2478D077009132B7 /* DraftLaunchScreen.storyboard in Resources */ = {isa = PBXBuildFile; fileRef = BF7287FA2478D077009132B7 /* DraftLaunchScreen.storyboard */; };
		BF7287FC2478D077009132B7 /* DraftLaunchScreen.storyboard in Resources */ = {isa = PBXBuildFile; fileRef = BF7287FA2478D077009132B7 /* DraftLaunchScreen.storyboard */; };
		BF7287FD2478D077009132B7 /* DraftLaunchScreen.storyboard in Resources */ = {isa = PBXBuildFile; fileRef = BF7287FA2478D077009132B7 /* DraftLaunchScreen.storyboard */; };
		BF754FFE25654C3C0003F649 /* RoomSearchViewController.swift in Sources */ = {isa = PBXBuildFile; fileRef = BF754FFD25654C3C0003F649 /* RoomSearchViewController.swift */; };
		BF8F88E125B5C27400CC24F8 /* SignUpViewController.swift in Sources */ = {isa = PBXBuildFile; fileRef = BF8F88E025B5C27400CC24F8 /* SignUpViewController.swift */; };
		BF8F88E225B5C27400CC24F8 /* SignUpViewController.swift in Sources */ = {isa = PBXBuildFile; fileRef = BF8F88E025B5C27400CC24F8 /* SignUpViewController.swift */; };
		BF8F88E325B5C27400CC24F8 /* SignUpViewController.swift in Sources */ = {isa = PBXBuildFile; fileRef = BF8F88E025B5C27400CC24F8 /* SignUpViewController.swift */; };
		BF97A7C525456373003597FB /* AppKeys.swift in Sources */ = {isa = PBXBuildFile; fileRef = BF97A7C425456373003597FB /* AppKeys.swift */; };
		BF97A7C625456373003597FB /* AppKeys.swift in Sources */ = {isa = PBXBuildFile; fileRef = BF97A7C425456373003597FB /* AppKeys.swift */; };
		BF97A7C725456373003597FB /* AppKeys.swift in Sources */ = {isa = PBXBuildFile; fileRef = BF97A7C425456373003597FB /* AppKeys.swift */; };
		BF9CF84724B7692500FEEC5E /* SignInViewController.swift in Sources */ = {isa = PBXBuildFile; fileRef = BF9CF84624B7692500FEEC5E /* SignInViewController.swift */; };
		BF9CF84824B7692500FEEC5E /* SignInViewController.swift in Sources */ = {isa = PBXBuildFile; fileRef = BF9CF84624B7692500FEEC5E /* SignInViewController.swift */; };
		BF9CF84924B7692500FEEC5E /* SignInViewController.swift in Sources */ = {isa = PBXBuildFile; fileRef = BF9CF84624B7692500FEEC5E /* SignInViewController.swift */; };
		BFBE4D1B24C6F9B4005D2D32 /* User.swift in Sources */ = {isa = PBXBuildFile; fileRef = BFBE4D1A24C6F9B4005D2D32 /* User.swift */; };
		BFBE4D1C24C6F9B4005D2D32 /* User.swift in Sources */ = {isa = PBXBuildFile; fileRef = BFBE4D1A24C6F9B4005D2D32 /* User.swift */; };
		BFBE4D1D24C6F9B4005D2D32 /* User.swift in Sources */ = {isa = PBXBuildFile; fileRef = BFBE4D1A24C6F9B4005D2D32 /* User.swift */; };
		DFFCFC678FE2C05378E8F44C /* libPods-Draft-DraftUITests.a in Frameworks */ = {isa = PBXBuildFile; fileRef = C0527FF92255E65D1CD667CA /* libPods-Draft-DraftUITests.a */; };
/* End PBXBuildFile section */

/* Begin PBXContainerItemProxy section */
		3897039A24559A4C00FF5077 /* PBXContainerItemProxy */ = {
			isa = PBXContainerItemProxy;
			containerPortal = 3897037824559A4900FF5077 /* Project object */;
			proxyType = 1;
			remoteGlobalIDString = 3897037F24559A4900FF5077;
			remoteInfo = draft;
		};
		389703A524559A4C00FF5077 /* PBXContainerItemProxy */ = {
			isa = PBXContainerItemProxy;
			containerPortal = 3897037824559A4900FF5077 /* Project object */;
			proxyType = 1;
			remoteGlobalIDString = 3897037F24559A4900FF5077;
			remoteInfo = draft;
		};
/* End PBXContainerItemProxy section */

/* Begin PBXFileReference section */
		07773BE7A08C0D41BC81B968 /* Pods-Draft.release.xcconfig */ = {isa = PBXFileReference; includeInIndex = 1; lastKnownFileType = text.xcconfig; name = "Pods-Draft.release.xcconfig"; path = "Target Support Files/Pods-Draft/Pods-Draft.release.xcconfig"; sourceTree = "<group>"; };
		20E9DFAA2D02F041ACFEC8F2 /* Pods-draft.debug.xcconfig */ = {isa = PBXFileReference; includeInIndex = 1; lastKnownFileType = text.xcconfig; name = "Pods-draft.debug.xcconfig"; path = "Target Support Files/Pods-draft/Pods-draft.debug.xcconfig"; sourceTree = "<group>"; };
		231252D2B1B9A2E0A0F90C73 /* Pods-Draft.debug.xcconfig */ = {isa = PBXFileReference; includeInIndex = 1; lastKnownFileType = text.xcconfig; name = "Pods-Draft.debug.xcconfig"; path = "Target Support Files/Pods-Draft/Pods-Draft.debug.xcconfig"; sourceTree = "<group>"; };
		28529632F5164166E5C2D20E /* Pods-Draft-DraftTests.release.xcconfig */ = {isa = PBXFileReference; includeInIndex = 1; lastKnownFileType = text.xcconfig; name = "Pods-Draft-DraftTests.release.xcconfig"; path = "Target Support Files/Pods-Draft-DraftTests/Pods-Draft-DraftTests.release.xcconfig"; sourceTree = "<group>"; };
		2AF3936A2113CDAA3546C593 /* libPods-Draft-DraftTests.a */ = {isa = PBXFileReference; explicitFileType = archive.ar; includeInIndex = 0; path = "libPods-Draft-DraftTests.a"; sourceTree = BUILT_PRODUCTS_DIR; };
		380ABC8924F9621400B212F0 /* SignInViewController+SignInAPI.swift */ = {isa = PBXFileReference; lastKnownFileType = sourcecode.swift; path = "SignInViewController+SignInAPI.swift"; sourceTree = "<group>"; };
		380ABC8B24F9645B00B212F0 /* KeychainAccess.swift */ = {isa = PBXFileReference; lastKnownFileType = sourcecode.swift; path = KeychainAccess.swift; sourceTree = "<group>"; };
		380ABC8D24F96E6300B212F0 /* Draft.entitlements */ = {isa = PBXFileReference; lastKnownFileType = text.plist.entitlements; path = Draft.entitlements; sourceTree = "<group>"; };
		380B77C524C214FB00CB1CB2 /* GameDatePickerViewController.swift */ = {isa = PBXFileReference; lastKnownFileType = sourcecode.swift; path = GameDatePickerViewController.swift; sourceTree = "<group>"; };
		381F8720255541510006AF46 /* RoomListTest.swift */ = {isa = PBXFileReference; lastKnownFileType = sourcecode.swift; path = RoomListTest.swift; sourceTree = "<group>"; };
		381F87262557E0B00006AF46 /* RoomSearch.storyboard */ = {isa = PBXFileReference; fileEncoding = 4; lastKnownFileType = file.storyboard; path = RoomSearch.storyboard; sourceTree = "<group>"; };
		3837B51A24B5AF960085E821 /* MatchingTableVC+APIRequest.swift */ = {isa = PBXFileReference; lastKnownFileType = sourcecode.swift; path = "MatchingTableVC+APIRequest.swift"; sourceTree = "<group>"; };
		383D384C25455AB400AA3E74 /* APIRequests.swift */ = {isa = PBXFileReference; lastKnownFileType = sourcecode.swift; path = APIRequests.swift; sourceTree = "<group>"; };
		384FA83824B9FC6600FB3CF4 /* RoomDetailVC+APIRequest.swift */ = {isa = PBXFileReference; lastKnownFileType = sourcecode.swift; path = "RoomDetailVC+APIRequest.swift"; sourceTree = "<group>"; };
		386D72CF246311F40099C35E /* Room.swift */ = {isa = PBXFileReference; fileEncoding = 4; lastKnownFileType = sourcecode.swift; name = Room.swift; path = draft/Models/Room.swift; sourceTree = SOURCE_ROOT; };
		386D72D3246312160099C35E /* RoomDetailViewController.swift */ = {isa = PBXFileReference; fileEncoding = 4; lastKnownFileType = sourcecode.swift; path = RoomDetailViewController.swift; sourceTree = "<group>"; };
		3877004D25551513001CE522 /* RoomCell.swift */ = {isa = PBXFileReference; lastKnownFileType = sourcecode.swift; path = RoomCell.swift; sourceTree = "<group>"; };
		3877004E25551513001CE522 /* RoomCell.xib */ = {isa = PBXFileReference; lastKnownFileType = file.xib; path = RoomCell.xib; sourceTree = "<group>"; };
		388E1C2D24BC5BEB008DD24F /* MatchingTable.storyboard */ = {isa = PBXFileReference; lastKnownFileType = file.storyboard; path = MatchingTable.storyboard; sourceTree = "<group>"; };
		38969E0D24A6F7D70032F82C /* RoomRestAPITest.swift */ = {isa = PBXFileReference; lastKnownFileType = sourcecode.swift; path = RoomRestAPITest.swift; sourceTree = "<group>"; };
		3897038024559A4900FF5077 /* Draft.app */ = {isa = PBXFileReference; explicitFileType = wrapper.application; includeInIndex = 0; path = Draft.app; sourceTree = BUILT_PRODUCTS_DIR; };
		3897038324559A4900FF5077 /* AppDelegate.swift */ = {isa = PBXFileReference; lastKnownFileType = sourcecode.swift; path = AppDelegate.swift; sourceTree = "<group>"; };
		3897038A24559A4900FF5077 /* Base */ = {isa = PBXFileReference; lastKnownFileType = file.storyboard; name = Base; path = Base.lproj/Main.storyboard; sourceTree = "<group>"; };
		3897038D24559A4900FF5077 /* Draft.xcdatamodel */ = {isa = PBXFileReference; lastKnownFileType = wrapper.xcdatamodel; path = Draft.xcdatamodel; sourceTree = "<group>"; };
		3897038F24559A4C00FF5077 /* Assets.xcassets */ = {isa = PBXFileReference; lastKnownFileType = folder.assetcatalog; path = Assets.xcassets; sourceTree = "<group>"; };
		3897039424559A4C00FF5077 /* Info.plist */ = {isa = PBXFileReference; lastKnownFileType = text.plist.xml; path = Info.plist; sourceTree = "<group>"; };
		3897039924559A4C00FF5077 /* DraftTests.xctest */ = {isa = PBXFileReference; explicitFileType = wrapper.cfbundle; includeInIndex = 0; path = DraftTests.xctest; sourceTree = BUILT_PRODUCTS_DIR; };
		3897039D24559A4C00FF5077 /* DraftTests.swift */ = {isa = PBXFileReference; lastKnownFileType = sourcecode.swift; path = DraftTests.swift; sourceTree = "<group>"; };
		3897039F24559A4C00FF5077 /* Info.plist */ = {isa = PBXFileReference; lastKnownFileType = text.plist.xml; path = Info.plist; sourceTree = "<group>"; };
		389703A424559A4C00FF5077 /* DraftUITests.xctest */ = {isa = PBXFileReference; explicitFileType = wrapper.cfbundle; includeInIndex = 0; path = DraftUITests.xctest; sourceTree = BUILT_PRODUCTS_DIR; };
		389703A824559A4C00FF5077 /* DraftUITests.swift */ = {isa = PBXFileReference; lastKnownFileType = sourcecode.swift; path = DraftUITests.swift; sourceTree = "<group>"; };
		389703AA24559A4C00FF5077 /* Info.plist */ = {isa = PBXFileReference; lastKnownFileType = text.plist.xml; path = Info.plist; sourceTree = "<group>"; };
		389703BC2455A81400FF5077 /* MatchingTableViewController.swift */ = {isa = PBXFileReference; lastKnownFileType = sourcecode.swift; path = MatchingTableViewController.swift; sourceTree = "<group>"; };
		38B0347C24F8F9F8005E759A /* Constants.swift */ = {isa = PBXFileReference; lastKnownFileType = sourcecode.swift; path = Constants.swift; sourceTree = "<group>"; };
		38D00C31248B3D7500F50F9B /* RoomList.swift */ = {isa = PBXFileReference; lastKnownFileType = sourcecode.swift; path = RoomList.swift; sourceTree = "<group>"; };
		38D00C34248B3E7400F50F9B /* Model-utilities.swift */ = {isa = PBXFileReference; lastKnownFileType = sourcecode.swift; path = "Model-utilities.swift"; sourceTree = "<group>"; };
		38D5CE6D254BEB8800702A91 /* APIRequests+user.swift */ = {isa = PBXFileReference; lastKnownFileType = sourcecode.swift; path = "APIRequests+user.swift"; sourceTree = "<group>"; };
		38D5CE6F254BECA800702A91 /* APIRequests+room.swift */ = {isa = PBXFileReference; lastKnownFileType = sourcecode.swift; path = "APIRequests+room.swift"; sourceTree = "<group>"; };
		8B7800C9C857FA11D7764495 /* Pods-Draft-DraftUITests.debug.xcconfig */ = {isa = PBXFileReference; includeInIndex = 1; lastKnownFileType = text.xcconfig; name = "Pods-Draft-DraftUITests.debug.xcconfig"; path = "Target Support Files/Pods-Draft-DraftUITests/Pods-Draft-DraftUITests.debug.xcconfig"; sourceTree = "<group>"; };
		A5A453026890355189FCA776 /* Pods-Draft-DraftTests.debug.xcconfig */ = {isa = PBXFileReference; includeInIndex = 1; lastKnownFileType = text.xcconfig; name = "Pods-Draft-DraftTests.debug.xcconfig"; path = "Target Support Files/Pods-Draft-DraftTests/Pods-Draft-DraftTests.debug.xcconfig"; sourceTree = "<group>"; };
		BF7287FA2478D077009132B7 /* DraftLaunchScreen.storyboard */ = {isa = PBXFileReference; lastKnownFileType = file.storyboard; path = DraftLaunchScreen.storyboard; sourceTree = "<group>"; };
		BF754FFD25654C3C0003F649 /* RoomSearchViewController.swift */ = {isa = PBXFileReference; lastKnownFileType = sourcecode.swift; path = RoomSearchViewController.swift; sourceTree = "<group>"; };
		BF8F88E025B5C27400CC24F8 /* SignUpViewController.swift */ = {isa = PBXFileReference; lastKnownFileType = sourcecode.swift; path = SignUpViewController.swift; sourceTree = "<group>"; };
		BF97A7C425456373003597FB /* AppKeys.swift */ = {isa = PBXFileReference; lastKnownFileType = sourcecode.swift; path = AppKeys.swift; sourceTree = "<group>"; };
		BF9CF84624B7692500FEEC5E /* SignInViewController.swift */ = {isa = PBXFileReference; lastKnownFileType = sourcecode.swift; path = SignInViewController.swift; sourceTree = "<group>"; };
		BFBE4D1A24C6F9B4005D2D32 /* User.swift */ = {isa = PBXFileReference; lastKnownFileType = sourcecode.swift; path = User.swift; sourceTree = "<group>"; };
		C0527FF92255E65D1CD667CA /* libPods-Draft-DraftUITests.a */ = {isa = PBXFileReference; explicitFileType = archive.ar; includeInIndex = 0; path = "libPods-Draft-DraftUITests.a"; sourceTree = BUILT_PRODUCTS_DIR; };
		C3E1FA4F66D337435B6B90C6 /* libPods-Draft.a */ = {isa = PBXFileReference; explicitFileType = archive.ar; includeInIndex = 0; path = "libPods-Draft.a"; sourceTree = BUILT_PRODUCTS_DIR; };
		C5667709BEC8DB2B8A59C05F /* Pods-draft.release.xcconfig */ = {isa = PBXFileReference; includeInIndex = 1; lastKnownFileType = text.xcconfig; name = "Pods-draft.release.xcconfig"; path = "Target Support Files/Pods-draft/Pods-draft.release.xcconfig"; sourceTree = "<group>"; };
		F541B9AFC8B9F3C2FE80C39F /* Pods-Draft-DraftUITests.release.xcconfig */ = {isa = PBXFileReference; includeInIndex = 1; lastKnownFileType = text.xcconfig; name = "Pods-Draft-DraftUITests.release.xcconfig"; path = "Target Support Files/Pods-Draft-DraftUITests/Pods-Draft-DraftUITests.release.xcconfig"; sourceTree = "<group>"; };
/* End PBXFileReference section */

/* Begin PBXFrameworksBuildPhase section */
		3897037D24559A4900FF5077 /* Frameworks */ = {
			isa = PBXFrameworksBuildPhase;
			buildActionMask = 2147483647;
			files = (
				4FF07F0491F328E53BF8E674 /* libPods-Draft.a in Frameworks */,
			);
			runOnlyForDeploymentPostprocessing = 0;
		};
		3897039624559A4C00FF5077 /* Frameworks */ = {
			isa = PBXFrameworksBuildPhase;
			buildActionMask = 2147483647;
			files = (
				14BF6543191A0CE5D6812A4F /* libPods-Draft-DraftTests.a in Frameworks */,
			);
			runOnlyForDeploymentPostprocessing = 0;
		};
		389703A124559A4C00FF5077 /* Frameworks */ = {
			isa = PBXFrameworksBuildPhase;
			buildActionMask = 2147483647;
			files = (
				DFFCFC678FE2C05378E8F44C /* libPods-Draft-DraftUITests.a in Frameworks */,
			);
			runOnlyForDeploymentPostprocessing = 0;
		};
/* End PBXFrameworksBuildPhase section */

/* Begin PBXGroup section */
		380ABC8E24F9714D00B212F0 /* SignIn */ = {
			isa = PBXGroup;
			children = (
				BF9CF84624B7692500FEEC5E /* SignInViewController.swift */,
				380ABC8924F9621400B212F0 /* SignInViewController+SignInAPI.swift */,
			);
			path = SignIn;
			sourceTree = "<group>";
		};
		383D384B25455AA400AA3E74 /* Network */ = {
			isa = PBXGroup;
			children = (
				383D384C25455AB400AA3E74 /* APIRequests.swift */,
				38D5CE6D254BEB8800702A91 /* APIRequests+user.swift */,
				38D5CE6F254BECA800702A91 /* APIRequests+room.swift */,
			);
			path = Network;
			sourceTree = "<group>";
		};
		384FA83A24BA084A00FB3CF4 /* RoomDetail */ = {
			isa = PBXGroup;
			children = (
				386D72D3246312160099C35E /* RoomDetailViewController.swift */,
				384FA83824B9FC6600FB3CF4 /* RoomDetailVC+APIRequest.swift */,
				380B77C524C214FB00CB1CB2 /* GameDatePickerViewController.swift */,
			);
			path = RoomDetail;
			sourceTree = "<group>";
		};
		384FA83B24BA086100FB3CF4 /* RoomList */ = {
			isa = PBXGroup;
			children = (
				389703BC2455A81400FF5077 /* MatchingTableViewController.swift */,
				3837B51A24B5AF960085E821 /* MatchingTableVC+APIRequest.swift */,
				3877004D25551513001CE522 /* RoomCell.swift */,
				3877004E25551513001CE522 /* RoomCell.xib */,
			);
			path = RoomList;
			sourceTree = "<group>";
		};
		386D72CE246311DB0099C35E /* Models */ = {
			isa = PBXGroup;
			children = (
				386D72CF246311F40099C35E /* Room.swift */,
				38D00C31248B3D7500F50F9B /* RoomList.swift */,
				38D00C34248B3E7400F50F9B /* Model-utilities.swift */,
				BFBE4D1A24C6F9B4005D2D32 /* User.swift */,
			);
			path = Models;
			sourceTree = "<group>";
		};
		3897037724559A4900FF5077 = {
			isa = PBXGroup;
			children = (
				3897038224559A4900FF5077 /* Draft */,
				3897039C24559A4C00FF5077 /* DraftTests */,
				389703A724559A4C00FF5077 /* DraftUITests */,
				3897038124559A4900FF5077 /* Products */,
				7404BCC716FD2D435C65CFDF /* Pods */,
				E89FC6366113833467F61057 /* Frameworks */,
			);
			sourceTree = "<group>";
		};
		3897038124559A4900FF5077 /* Products */ = {
			isa = PBXGroup;
			children = (
				3897038024559A4900FF5077 /* Draft.app */,
				3897039924559A4C00FF5077 /* DraftTests.xctest */,
				389703A424559A4C00FF5077 /* DraftUITests.xctest */,
			);
			name = Products;
			sourceTree = "<group>";
		};
		3897038224559A4900FF5077 /* Draft */ = {
			isa = PBXGroup;
			children = (
				386D72CE246311DB0099C35E /* Models */,
				389703B624559C8C00FF5077 /* Controllers */,
				389703B724559C9700FF5077 /* Storyboards */,
				383D384B25455AA400AA3E74 /* Network */,
				BF97A7C325456342003597FB /* Util */,
				380ABC8D24F96E6300B212F0 /* Draft.entitlements */,
				3897038F24559A4C00FF5077 /* Assets.xcassets */,
				3897038324559A4900FF5077 /* AppDelegate.swift */,
				3897039424559A4C00FF5077 /* Info.plist */,
				3897038C24559A4900FF5077 /* Draft.xcdatamodeld */,
				38B0347C24F8F9F8005E759A /* Constants.swift */,
				380ABC8B24F9645B00B212F0 /* KeychainAccess.swift */,
			);
			path = Draft;
			sourceTree = "<group>";
		};
		3897039C24559A4C00FF5077 /* DraftTests */ = {
			isa = PBXGroup;
			children = (
				3897039D24559A4C00FF5077 /* DraftTests.swift */,
				3897039F24559A4C00FF5077 /* Info.plist */,
				38969E0D24A6F7D70032F82C /* RoomRestAPITest.swift */,
				381F8720255541510006AF46 /* RoomListTest.swift */,
			);
			path = DraftTests;
			sourceTree = "<group>";
		};
		389703A724559A4C00FF5077 /* DraftUITests */ = {
			isa = PBXGroup;
			children = (
				389703A824559A4C00FF5077 /* DraftUITests.swift */,
				389703AA24559A4C00FF5077 /* Info.plist */,
			);
			path = DraftUITests;
			sourceTree = "<group>";
		};
		389703B624559C8C00FF5077 /* Controllers */ = {
			isa = PBXGroup;
			children = (
				BF754FFC25654C250003F649 /* RoomSearch */,
				384FA83A24BA084A00FB3CF4 /* RoomDetail */,
				384FA83B24BA086100FB3CF4 /* RoomList */,
				380ABC8E24F9714D00B212F0 /* SignIn */,
				38D5CE71254BFA0400702A91 /* SignUp */,
			);
			path = Controllers;
			sourceTree = "<group>";
		};
		389703B724559C9700FF5077 /* Storyboards */ = {
			isa = PBXGroup;
			children = (
				3897038924559A4900FF5077 /* Main.storyboard */,
				BF7287FA2478D077009132B7 /* DraftLaunchScreen.storyboard */,
				388E1C2D24BC5BEB008DD24F /* MatchingTable.storyboard */,
				381F87262557E0B00006AF46 /* RoomSearch.storyboard */,
			);
			path = Storyboards;
			sourceTree = "<group>";
		};
		38D5CE71254BFA0400702A91 /* SignUp */ = {
			isa = PBXGroup;
			children = (
				BF8F88E025B5C27400CC24F8 /* SignUpViewController.swift */,
			);
			path = SignUp;
			sourceTree = "<group>";
		};
		7404BCC716FD2D435C65CFDF /* Pods */ = {
			isa = PBXGroup;
			children = (
				20E9DFAA2D02F041ACFEC8F2 /* Pods-draft.debug.xcconfig */,
				C5667709BEC8DB2B8A59C05F /* Pods-draft.release.xcconfig */,
				231252D2B1B9A2E0A0F90C73 /* Pods-Draft.debug.xcconfig */,
				07773BE7A08C0D41BC81B968 /* Pods-Draft.release.xcconfig */,
				A5A453026890355189FCA776 /* Pods-Draft-DraftTests.debug.xcconfig */,
				28529632F5164166E5C2D20E /* Pods-Draft-DraftTests.release.xcconfig */,
				8B7800C9C857FA11D7764495 /* Pods-Draft-DraftUITests.debug.xcconfig */,
				F541B9AFC8B9F3C2FE80C39F /* Pods-Draft-DraftUITests.release.xcconfig */,
			);
			path = Pods;
			sourceTree = "<group>";
		};
		BF754FFC25654C250003F649 /* RoomSearch */ = {
			isa = PBXGroup;
			children = (
				BF754FFD25654C3C0003F649 /* RoomSearchViewController.swift */,
			);
			path = RoomSearch;
			sourceTree = "<group>";
		};
		BF97A7C325456342003597FB /* Util */ = {
			isa = PBXGroup;
			children = (
				BF97A7C425456373003597FB /* AppKeys.swift */,
			);
			path = Util;
			sourceTree = "<group>";
		};
		E89FC6366113833467F61057 /* Frameworks */ = {
			isa = PBXGroup;
			children = (
				C3E1FA4F66D337435B6B90C6 /* libPods-Draft.a */,
				2AF3936A2113CDAA3546C593 /* libPods-Draft-DraftTests.a */,
				C0527FF92255E65D1CD667CA /* libPods-Draft-DraftUITests.a */,
			);
			name = Frameworks;
			sourceTree = "<group>";
		};
/* End PBXGroup section */

/* Begin PBXNativeTarget section */
		3897037F24559A4900FF5077 /* Draft */ = {
			isa = PBXNativeTarget;
			buildConfigurationList = 389703AD24559A4C00FF5077 /* Build configuration list for PBXNativeTarget "Draft" */;
			buildPhases = (
				9422003225A05D24844305BF /* [CP] Check Pods Manifest.lock */,
				3897037C24559A4900FF5077 /* Sources */,
				3897037D24559A4900FF5077 /* Frameworks */,
				3897037E24559A4900FF5077 /* Resources */,
				EEEE18DE2735B6FC0F8BC64A /* [CP] Copy Pods Resources */,
			);
			buildRules = (
			);
			dependencies = (
			);
			name = Draft;
			productName = draft;
			productReference = 3897038024559A4900FF5077 /* Draft.app */;
			productType = "com.apple.product-type.application";
		};
		3897039824559A4C00FF5077 /* DraftTests */ = {
			isa = PBXNativeTarget;
			buildConfigurationList = 389703B024559A4C00FF5077 /* Build configuration list for PBXNativeTarget "DraftTests" */;
			buildPhases = (
				D67D622D06C6174FA4E5ED62 /* [CP] Check Pods Manifest.lock */,
				3897039524559A4C00FF5077 /* Sources */,
				3897039624559A4C00FF5077 /* Frameworks */,
				3897039724559A4C00FF5077 /* Resources */,
				FE56112A0933B81BCE534BEB /* [CP] Copy Pods Resources */,
			);
			buildRules = (
			);
			dependencies = (
				3897039B24559A4C00FF5077 /* PBXTargetDependency */,
			);
			name = DraftTests;
			productName = draftTests;
			productReference = 3897039924559A4C00FF5077 /* DraftTests.xctest */;
			productType = "com.apple.product-type.bundle.unit-test";
		};
		389703A324559A4C00FF5077 /* DraftUITests */ = {
			isa = PBXNativeTarget;
			buildConfigurationList = 389703B324559A4C00FF5077 /* Build configuration list for PBXNativeTarget "DraftUITests" */;
			buildPhases = (
				76C25EA49AAA2C51D66ADD90 /* [CP] Check Pods Manifest.lock */,
				389703A024559A4C00FF5077 /* Sources */,
				389703A124559A4C00FF5077 /* Frameworks */,
				389703A224559A4C00FF5077 /* Resources */,
				60D3396A0684F7FD1C1F8416 /* [CP] Copy Pods Resources */,
			);
			buildRules = (
			);
			dependencies = (
				389703A624559A4C00FF5077 /* PBXTargetDependency */,
			);
			name = DraftUITests;
			productName = draftUITests;
			productReference = 389703A424559A4C00FF5077 /* DraftUITests.xctest */;
			productType = "com.apple.product-type.bundle.ui-testing";
		};
/* End PBXNativeTarget section */

/* Begin PBXProject section */
		3897037824559A4900FF5077 /* Project object */ = {
			isa = PBXProject;
			attributes = {
				LastSwiftUpdateCheck = 1140;
				LastUpgradeCheck = 1140;
				ORGANIZATIONNAME = JSKeum;
				TargetAttributes = {
					3897037F24559A4900FF5077 = {
						CreatedOnToolsVersion = 11.4;
					};
					3897039824559A4C00FF5077 = {
						CreatedOnToolsVersion = 11.4;
						TestTargetID = 3897037F24559A4900FF5077;
					};
					389703A324559A4C00FF5077 = {
						CreatedOnToolsVersion = 11.4;
						TestTargetID = 3897037F24559A4900FF5077;
					};
				};
			};
			buildConfigurationList = 3897037B24559A4900FF5077 /* Build configuration list for PBXProject "Draft" */;
			compatibilityVersion = "Xcode 9.3";
			developmentRegion = en;
			hasScannedForEncodings = 0;
			knownRegions = (
				en,
				Base,
			);
			mainGroup = 3897037724559A4900FF5077;
			productRefGroup = 3897038124559A4900FF5077 /* Products */;
			projectDirPath = "";
			projectRoot = "";
			targets = (
				3897037F24559A4900FF5077 /* Draft */,
				3897039824559A4C00FF5077 /* DraftTests */,
				389703A324559A4C00FF5077 /* DraftUITests */,
			);
		};
/* End PBXProject section */

/* Begin PBXResourcesBuildPhase section */
		3897037E24559A4900FF5077 /* Resources */ = {
			isa = PBXResourcesBuildPhase;
			buildActionMask = 2147483647;
			files = (
				3897039024559A4C00FF5077 /* Assets.xcassets in Resources */,
				3897038B24559A4900FF5077 /* Main.storyboard in Resources */,
				3877005025551513001CE522 /* RoomCell.xib in Resources */,
				381F87272557E0B00006AF46 /* RoomSearch.storyboard in Resources */,
				388E1C2E24BC5BEB008DD24F /* MatchingTable.storyboard in Resources */,
				BF7287FB2478D077009132B7 /* DraftLaunchScreen.storyboard in Resources */,
			);
			runOnlyForDeploymentPostprocessing = 0;
		};
		3897039724559A4C00FF5077 /* Resources */ = {
			isa = PBXResourcesBuildPhase;
			buildActionMask = 2147483647;
			files = (
				381F870C25553ABC0006AF46 /* RoomCell.xib in Resources */,
				BF7287FC2478D077009132B7 /* DraftLaunchScreen.storyboard in Resources */,
			);
			runOnlyForDeploymentPostprocessing = 0;
		};
		389703A224559A4C00FF5077 /* Resources */ = {
			isa = PBXResourcesBuildPhase;
			buildActionMask = 2147483647;
			files = (
				381F870D25553ABC0006AF46 /* RoomCell.xib in Resources */,
				BF7287FD2478D077009132B7 /* DraftLaunchScreen.storyboard in Resources */,
			);
			runOnlyForDeploymentPostprocessing = 0;
		};
/* End PBXResourcesBuildPhase section */

/* Begin PBXShellScriptBuildPhase section */
		60D3396A0684F7FD1C1F8416 /* [CP] Copy Pods Resources */ = {
			isa = PBXShellScriptBuildPhase;
			buildActionMask = 2147483647;
			files = (
			);
			inputFileListPaths = (
				"${PODS_ROOT}/Target Support Files/Pods-Draft-DraftUITests/Pods-Draft-DraftUITests-resources-${CONFIGURATION}-input-files.xcfilelist",
			);
			name = "[CP] Copy Pods Resources";
			outputFileListPaths = (
				"${PODS_ROOT}/Target Support Files/Pods-Draft-DraftUITests/Pods-Draft-DraftUITests-resources-${CONFIGURATION}-output-files.xcfilelist",
			);
			runOnlyForDeploymentPostprocessing = 0;
			shellPath = /bin/sh;
			shellScript = "\"${PODS_ROOT}/Target Support Files/Pods-Draft-DraftUITests/Pods-Draft-DraftUITests-resources.sh\"\n";
			showEnvVarsInLog = 0;
		};
		76C25EA49AAA2C51D66ADD90 /* [CP] Check Pods Manifest.lock */ = {
			isa = PBXShellScriptBuildPhase;
			buildActionMask = 2147483647;
			files = (
			);
			inputFileListPaths = (
			);
			inputPaths = (
				"${PODS_PODFILE_DIR_PATH}/Podfile.lock",
				"${PODS_ROOT}/Manifest.lock",
			);
			name = "[CP] Check Pods Manifest.lock";
			outputFileListPaths = (
			);
			outputPaths = (
				"$(DERIVED_FILE_DIR)/Pods-Draft-DraftUITests-checkManifestLockResult.txt",
			);
			runOnlyForDeploymentPostprocessing = 0;
			shellPath = /bin/sh;
			shellScript = "diff \"${PODS_PODFILE_DIR_PATH}/Podfile.lock\" \"${PODS_ROOT}/Manifest.lock\" > /dev/null\nif [ $? != 0 ] ; then\n    # print error to STDERR\n    echo \"error: The sandbox is not in sync with the Podfile.lock. Run 'pod install' or update your CocoaPods installation.\" >&2\n    exit 1\nfi\n# This output is used by Xcode 'outputs' to avoid re-running this script phase.\necho \"SUCCESS\" > \"${SCRIPT_OUTPUT_FILE_0}\"\n";
			showEnvVarsInLog = 0;
		};
		9422003225A05D24844305BF /* [CP] Check Pods Manifest.lock */ = {
			isa = PBXShellScriptBuildPhase;
			buildActionMask = 2147483647;
			files = (
			);
			inputFileListPaths = (
			);
			inputPaths = (
				"${PODS_PODFILE_DIR_PATH}/Podfile.lock",
				"${PODS_ROOT}/Manifest.lock",
			);
			name = "[CP] Check Pods Manifest.lock";
			outputFileListPaths = (
			);
			outputPaths = (
				"$(DERIVED_FILE_DIR)/Pods-Draft-checkManifestLockResult.txt",
			);
			runOnlyForDeploymentPostprocessing = 0;
			shellPath = /bin/sh;
			shellScript = "diff \"${PODS_PODFILE_DIR_PATH}/Podfile.lock\" \"${PODS_ROOT}/Manifest.lock\" > /dev/null\nif [ $? != 0 ] ; then\n    # print error to STDERR\n    echo \"error: The sandbox is not in sync with the Podfile.lock. Run 'pod install' or update your CocoaPods installation.\" >&2\n    exit 1\nfi\n# This output is used by Xcode 'outputs' to avoid re-running this script phase.\necho \"SUCCESS\" > \"${SCRIPT_OUTPUT_FILE_0}\"\n";
			showEnvVarsInLog = 0;
		};
		D67D622D06C6174FA4E5ED62 /* [CP] Check Pods Manifest.lock */ = {
			isa = PBXShellScriptBuildPhase;
			buildActionMask = 2147483647;
			files = (
			);
			inputFileListPaths = (
			);
			inputPaths = (
				"${PODS_PODFILE_DIR_PATH}/Podfile.lock",
				"${PODS_ROOT}/Manifest.lock",
			);
			name = "[CP] Check Pods Manifest.lock";
			outputFileListPaths = (
			);
			outputPaths = (
				"$(DERIVED_FILE_DIR)/Pods-Draft-DraftTests-checkManifestLockResult.txt",
			);
			runOnlyForDeploymentPostprocessing = 0;
			shellPath = /bin/sh;
			shellScript = "diff \"${PODS_PODFILE_DIR_PATH}/Podfile.lock\" \"${PODS_ROOT}/Manifest.lock\" > /dev/null\nif [ $? != 0 ] ; then\n    # print error to STDERR\n    echo \"error: The sandbox is not in sync with the Podfile.lock. Run 'pod install' or update your CocoaPods installation.\" >&2\n    exit 1\nfi\n# This output is used by Xcode 'outputs' to avoid re-running this script phase.\necho \"SUCCESS\" > \"${SCRIPT_OUTPUT_FILE_0}\"\n";
			showEnvVarsInLog = 0;
		};
		EEEE18DE2735B6FC0F8BC64A /* [CP] Copy Pods Resources */ = {
			isa = PBXShellScriptBuildPhase;
			buildActionMask = 2147483647;
			files = (
			);
			inputFileListPaths = (
				"${PODS_ROOT}/Target Support Files/Pods-Draft/Pods-Draft-resources-${CONFIGURATION}-input-files.xcfilelist",
			);
			name = "[CP] Copy Pods Resources";
			outputFileListPaths = (
				"${PODS_ROOT}/Target Support Files/Pods-Draft/Pods-Draft-resources-${CONFIGURATION}-output-files.xcfilelist",
			);
			runOnlyForDeploymentPostprocessing = 0;
			shellPath = /bin/sh;
			shellScript = "\"${PODS_ROOT}/Target Support Files/Pods-Draft/Pods-Draft-resources.sh\"\n";
			showEnvVarsInLog = 0;
		};
		FE56112A0933B81BCE534BEB /* [CP] Copy Pods Resources */ = {
			isa = PBXShellScriptBuildPhase;
			buildActionMask = 2147483647;
			files = (
			);
			inputFileListPaths = (
				"${PODS_ROOT}/Target Support Files/Pods-Draft-DraftTests/Pods-Draft-DraftTests-resources-${CONFIGURATION}-input-files.xcfilelist",
			);
			name = "[CP] Copy Pods Resources";
			outputFileListPaths = (
				"${PODS_ROOT}/Target Support Files/Pods-Draft-DraftTests/Pods-Draft-DraftTests-resources-${CONFIGURATION}-output-files.xcfilelist",
			);
			runOnlyForDeploymentPostprocessing = 0;
			shellPath = /bin/sh;
			shellScript = "\"${PODS_ROOT}/Target Support Files/Pods-Draft-DraftTests/Pods-Draft-DraftTests-resources.sh\"\n";
			showEnvVarsInLog = 0;
		};
/* End PBXShellScriptBuildPhase section */

/* Begin PBXSourcesBuildPhase section */
		3897037C24559A4900FF5077 /* Sources */ = {
			isa = PBXSourcesBuildPhase;
			buildActionMask = 2147483647;
			files = (
				38D5CE6E254BEB8800702A91 /* APIRequests+user.swift in Sources */,
				384FA83924B9FC6600FB3CF4 /* RoomDetailVC+APIRequest.swift in Sources */,
				38D5CE70254BECA800702A91 /* APIRequests+room.swift in Sources */,
				383D384D25455AB400AA3E74 /* APIRequests.swift in Sources */,
				3897038424559A4900FF5077 /* AppDelegate.swift in Sources */,
				BF8F88E125B5C27400CC24F8 /* SignUpViewController.swift in Sources */,
				386D72D4246312160099C35E /* RoomDetailViewController.swift in Sources */,
				BF9CF84724B7692500FEEC5E /* SignInViewController.swift in Sources */,
				380ABC8A24F9621400B212F0 /* SignInViewController+SignInAPI.swift in Sources */,
				389703BD2455A81400FF5077 /* MatchingTableViewController.swift in Sources */,
				380ABC8C24F9645B00B212F0 /* KeychainAccess.swift in Sources */,
				38B0347D24F8F9F8005E759A /* Constants.swift in Sources */,
				BF754FFE25654C3C0003F649 /* RoomSearchViewController.swift in Sources */,
				38D00C35248B3E7400F50F9B /* Model-utilities.swift in Sources */,
				38D00C32248B3D7500F50F9B /* RoomList.swift in Sources */,
				380B77C624C214FB00CB1CB2 /* GameDatePickerViewController.swift in Sources */,
				3897038E24559A4900FF5077 /* Draft.xcdatamodeld in Sources */,
				BFBE4D1B24C6F9B4005D2D32 /* User.swift in Sources */,
				BF97A7C525456373003597FB /* AppKeys.swift in Sources */,
				3837B51B24B5AF960085E821 /* MatchingTableVC+APIRequest.swift in Sources */,
				3877004F25551513001CE522 /* RoomCell.swift in Sources */,
				386D72D0246311F40099C35E /* Room.swift in Sources */,
			);
			runOnlyForDeploymentPostprocessing = 0;
		};
		3897039524559A4C00FF5077 /* Sources */ = {
			isa = PBXSourcesBuildPhase;
			buildActionMask = 2147483647;
			files = (
				381F870E25553AC10006AF46 /* SignInViewController+SignInAPI.swift in Sources */,
				381F871425553AD60006AF46 /* APIRequests+user.swift in Sources */,
				3837B51C24B5AF960085E821 /* MatchingTableVC+APIRequest.swift in Sources */,
				381F871625553AD80006AF46 /* APIRequests+room.swift in Sources */,
				381F871225553AD40006AF46 /* APIRequests.swift in Sources */,
				38969E0E24A6F7D70032F82C /* RoomRestAPITest.swift in Sources */,
				BF8F88E225B5C27400CC24F8 /* SignUpViewController.swift in Sources */,
				381F871825553AE60006AF46 /* Constants.swift in Sources */,
				BF97A7C625456373003597FB /* AppKeys.swift in Sources */,
				38495BF8249DC22F0077C570 /* Model-utilities.swift in Sources */,
				381F870425553AA80006AF46 /* RoomDetailVC+APIRequest.swift in Sources */,
				38969E0F24A6F7F90032F82C /* MatchingTableViewController.swift in Sources */,
				381F871A25553AEA0006AF46 /* KeychainAccess.swift in Sources */,
				381F870225553AA60006AF46 /* RoomDetailViewController.swift in Sources */,
				381F870A25553AB40006AF46 /* RoomCell.swift in Sources */,
				381F870625553AAC0006AF46 /* GameDatePickerViewController.swift in Sources */,
				BF9CF84824B7692500FEEC5E /* SignInViewController.swift in Sources */,
				381F8721255541510006AF46 /* RoomListTest.swift in Sources */,
				383C978B246EEA420013E6AF /* Room.swift in Sources */,
				3897039E24559A4C00FF5077 /* DraftTests.swift in Sources */,
				38D00C33248B3D7500F50F9B /* RoomList.swift in Sources */,
				BFBE4D1C24C6F9B4005D2D32 /* User.swift in Sources */,
			);
			runOnlyForDeploymentPostprocessing = 0;
		};
		389703A024559A4C00FF5077 /* Sources */ = {
			isa = PBXSourcesBuildPhase;
			buildActionMask = 2147483647;
			files = (
				381F870525553AA90006AF46 /* RoomDetailVC+APIRequest.swift in Sources */,
				BF9CF84924B7692500FEEC5E /* SignInViewController.swift in Sources */,
				381F871725553AD80006AF46 /* APIRequests+room.swift in Sources */,
				381F871B25553AEA0006AF46 /* KeychainAccess.swift in Sources */,
				381F871525553AD60006AF46 /* APIRequests+user.swift in Sources */,
				381F871325553AD40006AF46 /* APIRequests.swift in Sources */,
				381F86FF25553A9C0006AF46 /* Room.swift in Sources */,
				381F870125553AA00006AF46 /* Model-utilities.swift in Sources */,
				389703A924559A4C00FF5077 /* DraftUITests.swift in Sources */,
				381F870025553A9E0006AF46 /* RoomList.swift in Sources */,
				381F871925553AE70006AF46 /* Constants.swift in Sources */,
				BF97A7C725456373003597FB /* AppKeys.swift in Sources */,
				381F870325553AA60006AF46 /* RoomDetailViewController.swift in Sources */,
				381F870725553AAC0006AF46 /* GameDatePickerViewController.swift in Sources */,
				BF8F88E325B5C27400CC24F8 /* SignUpViewController.swift in Sources */,
				381F870825553AAF0006AF46 /* MatchingTableViewController.swift in Sources */,
				381F870F25553AC20006AF46 /* SignInViewController+SignInAPI.swift in Sources */,
				381F870925553AB10006AF46 /* MatchingTableVC+APIRequest.swift in Sources */,
				381F870B25553AB40006AF46 /* RoomCell.swift in Sources */,
				BFBE4D1D24C6F9B4005D2D32 /* User.swift in Sources */,
			);
			runOnlyForDeploymentPostprocessing = 0;
		};
/* End PBXSourcesBuildPhase section */

/* Begin PBXTargetDependency section */
		3897039B24559A4C00FF5077 /* PBXTargetDependency */ = {
			isa = PBXTargetDependency;
			target = 3897037F24559A4900FF5077 /* Draft */;
			targetProxy = 3897039A24559A4C00FF5077 /* PBXContainerItemProxy */;
		};
		389703A624559A4C00FF5077 /* PBXTargetDependency */ = {
			isa = PBXTargetDependency;
			target = 3897037F24559A4900FF5077 /* Draft */;
			targetProxy = 389703A524559A4C00FF5077 /* PBXContainerItemProxy */;
		};
/* End PBXTargetDependency section */

/* Begin PBXVariantGroup section */
		3897038924559A4900FF5077 /* Main.storyboard */ = {
			isa = PBXVariantGroup;
			children = (
				3897038A24559A4900FF5077 /* Base */,
			);
			name = Main.storyboard;
			sourceTree = "<group>";
		};
/* End PBXVariantGroup section */

/* Begin XCBuildConfiguration section */
		389703AB24559A4C00FF5077 /* Debug */ = {
			isa = XCBuildConfiguration;
			buildSettings = {
				ALWAYS_SEARCH_USER_PATHS = NO;
				ARCHS = "$(ARCHS_STANDARD)";
				CLANG_ANALYZER_NONNULL = YES;
				CLANG_ANALYZER_NUMBER_OBJECT_CONVERSION = YES_AGGRESSIVE;
				CLANG_CXX_LANGUAGE_STANDARD = "gnu++14";
				CLANG_CXX_LIBRARY = "libc++";
				CLANG_ENABLE_MODULES = YES;
				CLANG_ENABLE_OBJC_ARC = YES;
				CLANG_ENABLE_OBJC_WEAK = YES;
				CLANG_WARN_BLOCK_CAPTURE_AUTORELEASING = YES;
				CLANG_WARN_BOOL_CONVERSION = YES;
				CLANG_WARN_COMMA = YES;
				CLANG_WARN_CONSTANT_CONVERSION = YES;
				CLANG_WARN_DEPRECATED_OBJC_IMPLEMENTATIONS = YES;
				CLANG_WARN_DIRECT_OBJC_ISA_USAGE = YES_ERROR;
				CLANG_WARN_DOCUMENTATION_COMMENTS = YES;
				CLANG_WARN_EMPTY_BODY = YES;
				CLANG_WARN_ENUM_CONVERSION = YES;
				CLANG_WARN_INFINITE_RECURSION = YES;
				CLANG_WARN_INT_CONVERSION = YES;
				CLANG_WARN_NON_LITERAL_NULL_CONVERSION = YES;
				CLANG_WARN_OBJC_IMPLICIT_RETAIN_SELF = YES;
				CLANG_WARN_OBJC_LITERAL_CONVERSION = YES;
				CLANG_WARN_OBJC_ROOT_CLASS = YES_ERROR;
				CLANG_WARN_RANGE_LOOP_ANALYSIS = YES;
				CLANG_WARN_STRICT_PROTOTYPES = YES;
				CLANG_WARN_SUSPICIOUS_MOVE = YES;
				CLANG_WARN_UNGUARDED_AVAILABILITY = YES_AGGRESSIVE;
				CLANG_WARN_UNREACHABLE_CODE = YES;
				CLANG_WARN__DUPLICATE_METHOD_MATCH = YES;
				COPY_PHASE_STRIP = NO;
				DEBUG_INFORMATION_FORMAT = dwarf;
				ENABLE_STRICT_OBJC_MSGSEND = YES;
				ENABLE_TESTABILITY = YES;
				GCC_C_LANGUAGE_STANDARD = gnu11;
				GCC_DYNAMIC_NO_PIC = NO;
				GCC_NO_COMMON_BLOCKS = YES;
				GCC_OPTIMIZATION_LEVEL = 0;
				GCC_PREPROCESSOR_DEFINITIONS = (
					"DEBUG=1",
					"$(inherited)",
				);
				GCC_WARN_64_TO_32_BIT_CONVERSION = YES;
				GCC_WARN_ABOUT_RETURN_TYPE = YES_ERROR;
				GCC_WARN_UNDECLARED_SELECTOR = YES;
				GCC_WARN_UNINITIALIZED_AUTOS = YES_AGGRESSIVE;
				GCC_WARN_UNUSED_FUNCTION = YES;
				GCC_WARN_UNUSED_VARIABLE = YES;
				IPHONEOS_DEPLOYMENT_TARGET = 13.5;
				MTL_ENABLE_DEBUG_INFO = INCLUDE_SOURCE;
				MTL_FAST_MATH = YES;
				ONLY_ACTIVE_ARCH = YES;
				SDKROOT = iphoneos;
				SWIFT_ACTIVE_COMPILATION_CONDITIONS = DEBUG;
				SWIFT_OPTIMIZATION_LEVEL = "-Onone";
			};
			name = Debug;
		};
		389703AC24559A4C00FF5077 /* Release */ = {
			isa = XCBuildConfiguration;
			buildSettings = {
				ALWAYS_SEARCH_USER_PATHS = NO;
				ARCHS = "$(ARCHS_STANDARD)";
				CLANG_ANALYZER_NONNULL = YES;
				CLANG_ANALYZER_NUMBER_OBJECT_CONVERSION = YES_AGGRESSIVE;
				CLANG_CXX_LANGUAGE_STANDARD = "gnu++14";
				CLANG_CXX_LIBRARY = "libc++";
				CLANG_ENABLE_MODULES = YES;
				CLANG_ENABLE_OBJC_ARC = YES;
				CLANG_ENABLE_OBJC_WEAK = YES;
				CLANG_WARN_BLOCK_CAPTURE_AUTORELEASING = YES;
				CLANG_WARN_BOOL_CONVERSION = YES;
				CLANG_WARN_COMMA = YES;
				CLANG_WARN_CONSTANT_CONVERSION = YES;
				CLANG_WARN_DEPRECATED_OBJC_IMPLEMENTATIONS = YES;
				CLANG_WARN_DIRECT_OBJC_ISA_USAGE = YES_ERROR;
				CLANG_WARN_DOCUMENTATION_COMMENTS = YES;
				CLANG_WARN_EMPTY_BODY = YES;
				CLANG_WARN_ENUM_CONVERSION = YES;
				CLANG_WARN_INFINITE_RECURSION = YES;
				CLANG_WARN_INT_CONVERSION = YES;
				CLANG_WARN_NON_LITERAL_NULL_CONVERSION = YES;
				CLANG_WARN_OBJC_IMPLICIT_RETAIN_SELF = YES;
				CLANG_WARN_OBJC_LITERAL_CONVERSION = YES;
				CLANG_WARN_OBJC_ROOT_CLASS = YES_ERROR;
				CLANG_WARN_RANGE_LOOP_ANALYSIS = YES;
				CLANG_WARN_STRICT_PROTOTYPES = YES;
				CLANG_WARN_SUSPICIOUS_MOVE = YES;
				CLANG_WARN_UNGUARDED_AVAILABILITY = YES_AGGRESSIVE;
				CLANG_WARN_UNREACHABLE_CODE = YES;
				CLANG_WARN__DUPLICATE_METHOD_MATCH = YES;
				COPY_PHASE_STRIP = NO;
				DEBUG_INFORMATION_FORMAT = "dwarf-with-dsym";
				ENABLE_NS_ASSERTIONS = NO;
				ENABLE_STRICT_OBJC_MSGSEND = YES;
				GCC_C_LANGUAGE_STANDARD = gnu11;
				GCC_NO_COMMON_BLOCKS = YES;
				GCC_WARN_64_TO_32_BIT_CONVERSION = YES;
				GCC_WARN_ABOUT_RETURN_TYPE = YES_ERROR;
				GCC_WARN_UNDECLARED_SELECTOR = YES;
				GCC_WARN_UNINITIALIZED_AUTOS = YES_AGGRESSIVE;
				GCC_WARN_UNUSED_FUNCTION = YES;
				GCC_WARN_UNUSED_VARIABLE = YES;
				IPHONEOS_DEPLOYMENT_TARGET = 13.5;
				MTL_ENABLE_DEBUG_INFO = NO;
				MTL_FAST_MATH = YES;
				ONLY_ACTIVE_ARCH = YES;
				SDKROOT = iphoneos;
				SWIFT_COMPILATION_MODE = wholemodule;
				SWIFT_OPTIMIZATION_LEVEL = "-O";
				VALIDATE_PRODUCT = YES;
			};
			name = Release;
		};
		389703AE24559A4C00FF5077 /* Debug */ = {
			isa = XCBuildConfiguration;
			baseConfigurationReference = 231252D2B1B9A2E0A0F90C73 /* Pods-Draft.debug.xcconfig */;
			buildSettings = {
				ASSETCATALOG_COMPILER_APPICON_NAME = AppIcon;
				CODE_SIGN_ENTITLEMENTS = draft/draft.entitlements;
				CODE_SIGN_IDENTITY = "Apple Development";
				CODE_SIGN_STYLE = Automatic;
				DEVELOPMENT_TEAM = M974BXPS92;
				INFOPLIST_FILE = Draft/Info.plist;
				IPHONEOS_DEPLOYMENT_TARGET = 13.1;
				LD_RUNPATH_SEARCH_PATHS = (
					"$(inherited)",
					"@executable_path/Frameworks",
				);
				PRODUCT_BUNDLE_IDENTIFIER = com.draft.waffle;
				PRODUCT_NAME = "$(TARGET_NAME)";
				PROVISIONING_PROFILE_SPECIFIER = "";
				SWIFT_VERSION = 5.0;
				TARGETED_DEVICE_FAMILY = "1,2";
			};
			name = Debug;
		};
		389703AF24559A4C00FF5077 /* Release */ = {
			isa = XCBuildConfiguration;
			baseConfigurationReference = 07773BE7A08C0D41BC81B968 /* Pods-Draft.release.xcconfig */;
			buildSettings = {
				ASSETCATALOG_COMPILER_APPICON_NAME = AppIcon;
				CODE_SIGN_ENTITLEMENTS = draft/draft.entitlements;
				CODE_SIGN_IDENTITY = "iPhone Developer";
				CODE_SIGN_STYLE = Manual;
				DEVELOPMENT_TEAM = M974BXPS92;
				INFOPLIST_FILE = Draft/Info.plist;
				IPHONEOS_DEPLOYMENT_TARGET = 13.1;
				LD_RUNPATH_SEARCH_PATHS = (
					"$(inherited)",
					"@executable_path/Frameworks",
				);
				PRODUCT_BUNDLE_IDENTIFIER = com.draft.waffle;
				PRODUCT_NAME = "$(TARGET_NAME)";
				PROVISIONING_PROFILE_SPECIFIER = "Han Sanghyeon Draft";
				SWIFT_VERSION = 5.0;
				TARGETED_DEVICE_FAMILY = "1,2";
			};
			name = Release;
		};
		389703B124559A4C00FF5077 /* Debug */ = {
			isa = XCBuildConfiguration;
			baseConfigurationReference = A5A453026890355189FCA776 /* Pods-Draft-DraftTests.debug.xcconfig */;
			buildSettings = {
				ALWAYS_EMBED_SWIFT_STANDARD_LIBRARIES = YES;
				BUNDLE_LOADER = "$(TEST_HOST)";
				CODE_SIGN_STYLE = Automatic;
				INFOPLIST_FILE = draftTests/Info.plist;
				IPHONEOS_DEPLOYMENT_TARGET = 13.4;
				LD_RUNPATH_SEARCH_PATHS = (
					"$(inherited)",
					"@executable_path/Frameworks",
					"@loader_path/Frameworks",
				);
				PRODUCT_BUNDLE_IDENTIFIER = com.draftTests;
				PRODUCT_NAME = "$(TARGET_NAME)";
				SWIFT_VERSION = 5.0;
				TARGETED_DEVICE_FAMILY = "1,2";
				TEST_HOST = "$(BUILT_PRODUCTS_DIR)/Draft.app/Draft";
			};
			name = Debug;
		};
		389703B224559A4C00FF5077 /* Release */ = {
			isa = XCBuildConfiguration;
			baseConfigurationReference = 28529632F5164166E5C2D20E /* Pods-Draft-DraftTests.release.xcconfig */;
			buildSettings = {
				ALWAYS_EMBED_SWIFT_STANDARD_LIBRARIES = YES;
				BUNDLE_LOADER = "$(TEST_HOST)";
				CODE_SIGN_STYLE = Automatic;
				INFOPLIST_FILE = draftTests/Info.plist;
				IPHONEOS_DEPLOYMENT_TARGET = 13.4;
				LD_RUNPATH_SEARCH_PATHS = (
					"$(inherited)",
					"@executable_path/Frameworks",
					"@loader_path/Frameworks",
				);
				PRODUCT_BUNDLE_IDENTIFIER = com.draftTests;
				PRODUCT_NAME = "$(TARGET_NAME)";
				SWIFT_VERSION = 5.0;
				TARGETED_DEVICE_FAMILY = "1,2";
				TEST_HOST = "$(BUILT_PRODUCTS_DIR)/Draft.app/Draft";
			};
			name = Release;
		};
		389703B424559A4C00FF5077 /* Debug */ = {
			isa = XCBuildConfiguration;
			baseConfigurationReference = 8B7800C9C857FA11D7764495 /* Pods-Draft-DraftUITests.debug.xcconfig */;
			buildSettings = {
				ALWAYS_EMBED_SWIFT_STANDARD_LIBRARIES = YES;
				CODE_SIGN_STYLE = Automatic;
				INFOPLIST_FILE = draftUITests/Info.plist;
				LD_RUNPATH_SEARCH_PATHS = (
					"$(inherited)",
					"@executable_path/Frameworks",
					"@loader_path/Frameworks",
				);
				PRODUCT_BUNDLE_IDENTIFIER = com.draftUITests;
				PRODUCT_NAME = "$(TARGET_NAME)";
				SWIFT_VERSION = 5.0;
				TARGETED_DEVICE_FAMILY = "1,2";
				TEST_TARGET_NAME = draft;
			};
			name = Debug;
		};
		389703B524559A4C00FF5077 /* Release */ = {
			isa = XCBuildConfiguration;
			baseConfigurationReference = F541B9AFC8B9F3C2FE80C39F /* Pods-Draft-DraftUITests.release.xcconfig */;
			buildSettings = {
				ALWAYS_EMBED_SWIFT_STANDARD_LIBRARIES = YES;
				CODE_SIGN_STYLE = Automatic;
				INFOPLIST_FILE = draftUITests/Info.plist;
				LD_RUNPATH_SEARCH_PATHS = (
					"$(inherited)",
					"@executable_path/Frameworks",
					"@loader_path/Frameworks",
				);
				PRODUCT_BUNDLE_IDENTIFIER = com.draftUITests;
				PRODUCT_NAME = "$(TARGET_NAME)";
				SWIFT_VERSION = 5.0;
				TARGETED_DEVICE_FAMILY = "1,2";
				TEST_TARGET_NAME = draft;
			};
			name = Release;
		};
/* End XCBuildConfiguration section */

/* Begin XCConfigurationList section */
		3897037B24559A4900FF5077 /* Build configuration list for PBXProject "Draft" */ = {
			isa = XCConfigurationList;
			buildConfigurations = (
				389703AB24559A4C00FF5077 /* Debug */,
				389703AC24559A4C00FF5077 /* Release */,
			);
			defaultConfigurationIsVisible = 0;
			defaultConfigurationName = Release;
		};
		389703AD24559A4C00FF5077 /* Build configuration list for PBXNativeTarget "Draft" */ = {
			isa = XCConfigurationList;
			buildConfigurations = (
				389703AE24559A4C00FF5077 /* Debug */,
				389703AF24559A4C00FF5077 /* Release */,
			);
			defaultConfigurationIsVisible = 0;
			defaultConfigurationName = Release;
		};
		389703B024559A4C00FF5077 /* Build configuration list for PBXNativeTarget "DraftTests" */ = {
			isa = XCConfigurationList;
			buildConfigurations = (
				389703B124559A4C00FF5077 /* Debug */,
				389703B224559A4C00FF5077 /* Release */,
			);
			defaultConfigurationIsVisible = 0;
			defaultConfigurationName = Release;
		};
		389703B324559A4C00FF5077 /* Build configuration list for PBXNativeTarget "DraftUITests" */ = {
			isa = XCConfigurationList;
			buildConfigurations = (
				389703B424559A4C00FF5077 /* Debug */,
				389703B524559A4C00FF5077 /* Release */,
			);
			defaultConfigurationIsVisible = 0;
			defaultConfigurationName = Release;
		};
/* End XCConfigurationList section */

/* Begin XCVersionGroup section */
		3897038C24559A4900FF5077 /* Draft.xcdatamodeld */ = {
			isa = XCVersionGroup;
			children = (
				3897038D24559A4900FF5077 /* Draft.xcdatamodel */,
			);
			currentVersion = 3897038D24559A4900FF5077 /* Draft.xcdatamodel */;
			path = Draft.xcdatamodeld;
			sourceTree = "<group>";
			versionGroupType = wrapper.xcdatamodel;
		};
/* End XCVersionGroup section */
	};
	rootObject = 3897037824559A4900FF5077 /* Project object */;
}
