// !$*UTF8*$!
{
	archiveVersion = 1;
	classes = {
	};
	objectVersion = 50;
	objects = {

/* Begin PBXBuildFile section */
		3837B51B24B5AF960085E821 /* MatchingTableVC+APIRequest.swift in Sources */ = {isa = PBXBuildFile; fileRef = 3837B51A24B5AF960085E821 /* MatchingTableVC+APIRequest.swift */; };
		3837B51C24B5AF960085E821 /* MatchingTableVC+APIRequest.swift in Sources */ = {isa = PBXBuildFile; fileRef = 3837B51A24B5AF960085E821 /* MatchingTableVC+APIRequest.swift */; };
		3837B51E24B5BAAE0085E821 /* secret_login.json in Resources */ = {isa = PBXBuildFile; fileRef = 3837B51D24B5BAAE0085E821 /* secret_login.json */; };
		3837B51F24B5BAAE0085E821 /* secret_login.json in Resources */ = {isa = PBXBuildFile; fileRef = 3837B51D24B5BAAE0085E821 /* secret_login.json */; };
		383C9788246EE6390013E6AF /* RoomGroupTests.swift in Sources */ = {isa = PBXBuildFile; fileRef = 383C9787246EE6390013E6AF /* RoomGroupTests.swift */; };
		383C978A246EE6840013E6AF /* RoomsByDate.swift in Sources */ = {isa = PBXBuildFile; fileRef = 386D72D1246311FF0099C35E /* RoomsByDate.swift */; };
		383C978B246EEA420013E6AF /* Room.swift in Sources */ = {isa = PBXBuildFile; fileRef = 386D72CF246311F40099C35E /* Room.swift */; };
		38495BF8249DC22F0077C570 /* Model-utilities.swift in Sources */ = {isa = PBXBuildFile; fileRef = 38D00C34248B3E7400F50F9B /* Model-utilities.swift */; };
		384FA83924B9FC6600FB3CF4 /* RoomDetailVC+APIRequest.swift in Sources */ = {isa = PBXBuildFile; fileRef = 384FA83824B9FC6600FB3CF4 /* RoomDetailVC+APIRequest.swift */; };
		386D72D0246311F40099C35E /* Room.swift in Sources */ = {isa = PBXBuildFile; fileRef = 386D72CF246311F40099C35E /* Room.swift */; };
		386D72D2246311FF0099C35E /* RoomsByDate.swift in Sources */ = {isa = PBXBuildFile; fileRef = 386D72D1246311FF0099C35E /* RoomsByDate.swift */; };
		386D72D4246312160099C35E /* RoomDetailViewController.swift in Sources */ = {isa = PBXBuildFile; fileRef = 386D72D3246312160099C35E /* RoomDetailViewController.swift */; };
		388E1C2E24BC5BEB008DD24F /* RoomDetail.storyboard in Resources */ = {isa = PBXBuildFile; fileRef = 388E1C2D24BC5BEB008DD24F /* RoomDetail.storyboard */; };
		388E1C3024BC68B5008DD24F /* RoomInfoTableVC.swift in Sources */ = {isa = PBXBuildFile; fileRef = 388E1C2F24BC68B5008DD24F /* RoomInfoTableVC.swift */; };
		38969E0E24A6F7D70032F82C /* RoomRestAPITest.swift in Sources */ = {isa = PBXBuildFile; fileRef = 38969E0D24A6F7D70032F82C /* RoomRestAPITest.swift */; };
		38969E0F24A6F7F90032F82C /* MatchingTableViewController.swift in Sources */ = {isa = PBXBuildFile; fileRef = 389703BC2455A81400FF5077 /* MatchingTableViewController.swift */; };
		3897038424559A4900FF5077 /* AppDelegate.swift in Sources */ = {isa = PBXBuildFile; fileRef = 3897038324559A4900FF5077 /* AppDelegate.swift */; };
		3897038624559A4900FF5077 /* SceneDelegate.swift in Sources */ = {isa = PBXBuildFile; fileRef = 3897038524559A4900FF5077 /* SceneDelegate.swift */; };
		3897038B24559A4900FF5077 /* Main.storyboard in Resources */ = {isa = PBXBuildFile; fileRef = 3897038924559A4900FF5077 /* Main.storyboard */; };
		3897038E24559A4900FF5077 /* draft.xcdatamodeld in Sources */ = {isa = PBXBuildFile; fileRef = 3897038C24559A4900FF5077 /* draft.xcdatamodeld */; };
		3897039024559A4C00FF5077 /* Assets.xcassets in Resources */ = {isa = PBXBuildFile; fileRef = 3897038F24559A4C00FF5077 /* Assets.xcassets */; };
		3897039E24559A4C00FF5077 /* draftTests.swift in Sources */ = {isa = PBXBuildFile; fileRef = 3897039D24559A4C00FF5077 /* draftTests.swift */; };
		389703A924559A4C00FF5077 /* draftUITests.swift in Sources */ = {isa = PBXBuildFile; fileRef = 389703A824559A4C00FF5077 /* draftUITests.swift */; };
		389703BD2455A81400FF5077 /* MatchingTableViewController.swift in Sources */ = {isa = PBXBuildFile; fileRef = 389703BC2455A81400FF5077 /* MatchingTableViewController.swift */; };
		38D00C32248B3D7500F50F9B /* RoomGroup.swift in Sources */ = {isa = PBXBuildFile; fileRef = 38D00C31248B3D7500F50F9B /* RoomGroup.swift */; };
		38D00C33248B3D7500F50F9B /* RoomGroup.swift in Sources */ = {isa = PBXBuildFile; fileRef = 38D00C31248B3D7500F50F9B /* RoomGroup.swift */; };
		38D00C35248B3E7400F50F9B /* Model-utilities.swift in Sources */ = {isa = PBXBuildFile; fileRef = 38D00C34248B3E7400F50F9B /* Model-utilities.swift */; };
		38F89F7324BC8BFC00AB80E8 /* RoomInfoTableViewCell.swift in Sources */ = {isa = PBXBuildFile; fileRef = 38F89F7224BC8BFC00AB80E8 /* RoomInfoTableViewCell.swift */; };
		BF7287FB2478D077009132B7 /* DraftLaunchScreen.storyboard in Resources */ = {isa = PBXBuildFile; fileRef = BF7287FA2478D077009132B7 /* DraftLaunchScreen.storyboard */; };
		BF7287FC2478D077009132B7 /* DraftLaunchScreen.storyboard in Resources */ = {isa = PBXBuildFile; fileRef = BF7287FA2478D077009132B7 /* DraftLaunchScreen.storyboard */; };
		BF7287FD2478D077009132B7 /* DraftLaunchScreen.storyboard in Resources */ = {isa = PBXBuildFile; fileRef = BF7287FA2478D077009132B7 /* DraftLaunchScreen.storyboard */; };
/* End PBXBuildFile section */

/* Begin PBXContainerItemProxy section */
		3897039A24559A4C00FF5077 /* PBXContainerItemProxy */ = {
			isa = PBXContainerItemProxy;
			containerPortal = 3897037824559A4900FF5077 /* Project object */;
			proxyType = 1;
			remoteGlobalIDString = 3897037F24559A4900FF5077;
			remoteInfo = draft;
		};
		389703A524559A4C00FF5077 /* PBXContainerItemProxy */ = {
			isa = PBXContainerItemProxy;
			containerPortal = 3897037824559A4900FF5077 /* Project object */;
			proxyType = 1;
			remoteGlobalIDString = 3897037F24559A4900FF5077;
			remoteInfo = draft;
		};
/* End PBXContainerItemProxy section */

/* Begin PBXFileReference section */
		3837B51A24B5AF960085E821 /* MatchingTableVC+APIRequest.swift */ = {isa = PBXFileReference; lastKnownFileType = sourcecode.swift; path = "MatchingTableVC+APIRequest.swift"; sourceTree = "<group>"; };
		3837B51D24B5BAAE0085E821 /* secret_login.json */ = {isa = PBXFileReference; lastKnownFileType = text.json; path = secret_login.json; sourceTree = "<group>"; };
		383C9787246EE6390013E6AF /* RoomGroupTests.swift */ = {isa = PBXFileReference; lastKnownFileType = sourcecode.swift; path = RoomGroupTests.swift; sourceTree = "<group>"; };
		384FA83824B9FC6600FB3CF4 /* RoomDetailVC+APIRequest.swift */ = {isa = PBXFileReference; lastKnownFileType = sourcecode.swift; path = "RoomDetailVC+APIRequest.swift"; sourceTree = "<group>"; };
		386D72CF246311F40099C35E /* Room.swift */ = {isa = PBXFileReference; fileEncoding = 4; lastKnownFileType = sourcecode.swift; name = Room.swift; path = draft/Models/Room.swift; sourceTree = SOURCE_ROOT; };
		386D72D1246311FF0099C35E /* RoomsByDate.swift */ = {isa = PBXFileReference; fileEncoding = 4; lastKnownFileType = sourcecode.swift; name = RoomsByDate.swift; path = draft/Models/RoomsByDate.swift; sourceTree = SOURCE_ROOT; };
		386D72D3246312160099C35E /* RoomDetailViewController.swift */ = {isa = PBXFileReference; fileEncoding = 4; lastKnownFileType = sourcecode.swift; path = RoomDetailViewController.swift; sourceTree = "<group>"; };
		388E1C2D24BC5BEB008DD24F /* RoomDetail.storyboard */ = {isa = PBXFileReference; lastKnownFileType = file.storyboard; path = RoomDetail.storyboard; sourceTree = "<group>"; };
		388E1C2F24BC68B5008DD24F /* RoomInfoTableVC.swift */ = {isa = PBXFileReference; lastKnownFileType = sourcecode.swift; path = RoomInfoTableVC.swift; sourceTree = "<group>"; };
		38969E0D24A6F7D70032F82C /* RoomRestAPITest.swift */ = {isa = PBXFileReference; lastKnownFileType = sourcecode.swift; path = RoomRestAPITest.swift; sourceTree = "<group>"; };
		3897038024559A4900FF5077 /* draft.app */ = {isa = PBXFileReference; explicitFileType = wrapper.application; includeInIndex = 0; path = draft.app; sourceTree = BUILT_PRODUCTS_DIR; };
		3897038324559A4900FF5077 /* AppDelegate.swift */ = {isa = PBXFileReference; lastKnownFileType = sourcecode.swift; path = AppDelegate.swift; sourceTree = "<group>"; };
		3897038524559A4900FF5077 /* SceneDelegate.swift */ = {isa = PBXFileReference; lastKnownFileType = sourcecode.swift; path = SceneDelegate.swift; sourceTree = "<group>"; };
		3897038A24559A4900FF5077 /* Base */ = {isa = PBXFileReference; lastKnownFileType = file.storyboard; name = Base; path = Base.lproj/Main.storyboard; sourceTree = "<group>"; };
		3897038D24559A4900FF5077 /* draft.xcdatamodel */ = {isa = PBXFileReference; lastKnownFileType = wrapper.xcdatamodel; path = draft.xcdatamodel; sourceTree = "<group>"; };
		3897038F24559A4C00FF5077 /* Assets.xcassets */ = {isa = PBXFileReference; lastKnownFileType = folder.assetcatalog; path = Assets.xcassets; sourceTree = "<group>"; };
		3897039424559A4C00FF5077 /* Info.plist */ = {isa = PBXFileReference; lastKnownFileType = text.plist.xml; path = Info.plist; sourceTree = "<group>"; };
		3897039924559A4C00FF5077 /* draftTests.xctest */ = {isa = PBXFileReference; explicitFileType = wrapper.cfbundle; includeInIndex = 0; path = draftTests.xctest; sourceTree = BUILT_PRODUCTS_DIR; };
		3897039D24559A4C00FF5077 /* draftTests.swift */ = {isa = PBXFileReference; lastKnownFileType = sourcecode.swift; path = draftTests.swift; sourceTree = "<group>"; };
		3897039F24559A4C00FF5077 /* Info.plist */ = {isa = PBXFileReference; lastKnownFileType = text.plist.xml; path = Info.plist; sourceTree = "<group>"; };
		389703A424559A4C00FF5077 /* draftUITests.xctest */ = {isa = PBXFileReference; explicitFileType = wrapper.cfbundle; includeInIndex = 0; path = draftUITests.xctest; sourceTree = BUILT_PRODUCTS_DIR; };
		389703A824559A4C00FF5077 /* draftUITests.swift */ = {isa = PBXFileReference; lastKnownFileType = sourcecode.swift; path = draftUITests.swift; sourceTree = "<group>"; };
		389703AA24559A4C00FF5077 /* Info.plist */ = {isa = PBXFileReference; lastKnownFileType = text.plist.xml; path = Info.plist; sourceTree = "<group>"; };
		389703BC2455A81400FF5077 /* MatchingTableViewController.swift */ = {isa = PBXFileReference; lastKnownFileType = sourcecode.swift; path = MatchingTableViewController.swift; sourceTree = "<group>"; };
		38D00C31248B3D7500F50F9B /* RoomGroup.swift */ = {isa = PBXFileReference; lastKnownFileType = sourcecode.swift; path = RoomGroup.swift; sourceTree = "<group>"; };
		38D00C34248B3E7400F50F9B /* Model-utilities.swift */ = {isa = PBXFileReference; lastKnownFileType = sourcecode.swift; path = "Model-utilities.swift"; sourceTree = "<group>"; };
		38F89F7224BC8BFC00AB80E8 /* RoomInfoTableViewCell.swift */ = {isa = PBXFileReference; lastKnownFileType = sourcecode.swift; path = RoomInfoTableViewCell.swift; sourceTree = "<group>"; };
		BF7287FA2478D077009132B7 /* DraftLaunchScreen.storyboard */ = {isa = PBXFileReference; lastKnownFileType = file.storyboard; path = DraftLaunchScreen.storyboard; sourceTree = "<group>"; };
/* End PBXFileReference section */

/* Begin PBXFrameworksBuildPhase section */
		3897037D24559A4900FF5077 /* Frameworks */ = {
			isa = PBXFrameworksBuildPhase;
			buildActionMask = 2147483647;
			files = (
			);
			runOnlyForDeploymentPostprocessing = 0;
		};
		3897039624559A4C00FF5077 /* Frameworks */ = {
			isa = PBXFrameworksBuildPhase;
			buildActionMask = 2147483647;
			files = (
			);
			runOnlyForDeploymentPostprocessing = 0;
		};
		389703A124559A4C00FF5077 /* Frameworks */ = {
			isa = PBXFrameworksBuildPhase;
			buildActionMask = 2147483647;
			files = (
			);
			runOnlyForDeploymentPostprocessing = 0;
		};
/* End PBXFrameworksBuildPhase section */

/* Begin PBXGroup section */
		384FA83A24BA084A00FB3CF4 /* RoomDetailVC */ = {
			isa = PBXGroup;
			children = (
				386D72D3246312160099C35E /* RoomDetailViewController.swift */,
				384FA83824B9FC6600FB3CF4 /* RoomDetailVC+APIRequest.swift */,
				388E1C2F24BC68B5008DD24F /* RoomInfoTableVC.swift */,
				38F89F7224BC8BFC00AB80E8 /* RoomInfoTableViewCell.swift */,
			);
			path = RoomDetailVC;
			sourceTree = "<group>";
		};
		384FA83B24BA086100FB3CF4 /* MatchingTableVC */ = {
			isa = PBXGroup;
			children = (
				389703BC2455A81400FF5077 /* MatchingTableViewController.swift */,
				3837B51A24B5AF960085E821 /* MatchingTableVC+APIRequest.swift */,
			);
			path = MatchingTableVC;
			sourceTree = "<group>";
		};
		386D72CE246311DB0099C35E /* Models */ = {
			isa = PBXGroup;
			children = (
				386D72D1246311FF0099C35E /* RoomsByDate.swift */,
				386D72CF246311F40099C35E /* Room.swift */,
				38D00C31248B3D7500F50F9B /* RoomGroup.swift */,
				38D00C34248B3E7400F50F9B /* Model-utilities.swift */,
			);
			path = Models;
			sourceTree = "<group>";
		};
		3897037724559A4900FF5077 = {
			isa = PBXGroup;
			children = (
				3897038224559A4900FF5077 /* draft */,
				3897039C24559A4C00FF5077 /* draftTests */,
				389703A724559A4C00FF5077 /* draftUITests */,
				3897038124559A4900FF5077 /* Products */,
			);
			sourceTree = "<group>";
		};
		3897038124559A4900FF5077 /* Products */ = {
			isa = PBXGroup;
			children = (
				3897038024559A4900FF5077 /* draft.app */,
				3897039924559A4C00FF5077 /* draftTests.xctest */,
				389703A424559A4C00FF5077 /* draftUITests.xctest */,
			);
			name = Products;
			sourceTree = "<group>";
		};
		3897038224559A4900FF5077 /* draft */ = {
			isa = PBXGroup;
			children = (
				386D72CE246311DB0099C35E /* Models */,
				389703B624559C8C00FF5077 /* Controllers */,
				389703B724559C9700FF5077 /* Storyboards */,
				3897038F24559A4C00FF5077 /* Assets.xcassets */,
				3897038324559A4900FF5077 /* AppDelegate.swift */,
				3897038524559A4900FF5077 /* SceneDelegate.swift */,
				3897039424559A4C00FF5077 /* Info.plist */,
				3897038C24559A4900FF5077 /* draft.xcdatamodeld */,
			);
			path = draft;
			sourceTree = "<group>";
		};
		3897039C24559A4C00FF5077 /* draftTests */ = {
			isa = PBXGroup;
			children = (
				3897039D24559A4C00FF5077 /* draftTests.swift */,
				3897039F24559A4C00FF5077 /* Info.plist */,
				383C9787246EE6390013E6AF /* RoomGroupTests.swift */,
				38969E0D24A6F7D70032F82C /* RoomRestAPITest.swift */,
			);
			path = draftTests;
			sourceTree = "<group>";
		};
		389703A724559A4C00FF5077 /* draftUITests */ = {
			isa = PBXGroup;
			children = (
				389703A824559A4C00FF5077 /* draftUITests.swift */,
				389703AA24559A4C00FF5077 /* Info.plist */,
			);
			path = draftUITests;
			sourceTree = "<group>";
		};
		389703B624559C8C00FF5077 /* Controllers */ = {
			isa = PBXGroup;
			children = (
				384FA83A24BA084A00FB3CF4 /* RoomDetailVC */,
				384FA83B24BA086100FB3CF4 /* MatchingTableVC */,
				3837B51D24B5BAAE0085E821 /* secret_login.json */,
			);
			path = Controllers;
			sourceTree = "<group>";
		};
		389703B724559C9700FF5077 /* Storyboards */ = {
			isa = PBXGroup;
			children = (
				3897038924559A4900FF5077 /* Main.storyboard */,
				BF7287FA2478D077009132B7 /* DraftLaunchScreen.storyboard */,
				388E1C2D24BC5BEB008DD24F /* RoomDetail.storyboard */,
			);
			path = Storyboards;
			sourceTree = "<group>";
		};
/* End PBXGroup section */

/* Begin PBXNativeTarget section */
		3897037F24559A4900FF5077 /* draft */ = {
			isa = PBXNativeTarget;
			buildConfigurationList = 389703AD24559A4C00FF5077 /* Build configuration list for PBXNativeTarget "draft" */;
			buildPhases = (
				3897037C24559A4900FF5077 /* Sources */,
				3897037D24559A4900FF5077 /* Frameworks */,
				3897037E24559A4900FF5077 /* Resources */,
			);
			buildRules = (
			);
			dependencies = (
			);
			name = draft;
			productName = draft;
			productReference = 3897038024559A4900FF5077 /* draft.app */;
			productType = "com.apple.product-type.application";
		};
		3897039824559A4C00FF5077 /* draftTests */ = {
			isa = PBXNativeTarget;
			buildConfigurationList = 389703B024559A4C00FF5077 /* Build configuration list for PBXNativeTarget "draftTests" */;
			buildPhases = (
				3897039524559A4C00FF5077 /* Sources */,
				3897039624559A4C00FF5077 /* Frameworks */,
				3897039724559A4C00FF5077 /* Resources */,
			);
			buildRules = (
			);
			dependencies = (
				3897039B24559A4C00FF5077 /* PBXTargetDependency */,
			);
			name = draftTests;
			productName = draftTests;
			productReference = 3897039924559A4C00FF5077 /* draftTests.xctest */;
			productType = "com.apple.product-type.bundle.unit-test";
		};
		389703A324559A4C00FF5077 /* draftUITests */ = {
			isa = PBXNativeTarget;
			buildConfigurationList = 389703B324559A4C00FF5077 /* Build configuration list for PBXNativeTarget "draftUITests" */;
			buildPhases = (
				389703A024559A4C00FF5077 /* Sources */,
				389703A124559A4C00FF5077 /* Frameworks */,
				389703A224559A4C00FF5077 /* Resources */,
			);
			buildRules = (
			);
			dependencies = (
				389703A624559A4C00FF5077 /* PBXTargetDependency */,
			);
			name = draftUITests;
			productName = draftUITests;
			productReference = 389703A424559A4C00FF5077 /* draftUITests.xctest */;
			productType = "com.apple.product-type.bundle.ui-testing";
		};
/* End PBXNativeTarget section */

/* Begin PBXProject section */
		3897037824559A4900FF5077 /* Project object */ = {
			isa = PBXProject;
			attributes = {
				LastSwiftUpdateCheck = 1140;
				LastUpgradeCheck = 1140;
				ORGANIZATIONNAME = JSKeum;
				TargetAttributes = {
					3897037F24559A4900FF5077 = {
						CreatedOnToolsVersion = 11.4;
					};
					3897039824559A4C00FF5077 = {
						CreatedOnToolsVersion = 11.4;
						TestTargetID = 3897037F24559A4900FF5077;
					};
					389703A324559A4C00FF5077 = {
						CreatedOnToolsVersion = 11.4;
						TestTargetID = 3897037F24559A4900FF5077;
					};
				};
			};
			buildConfigurationList = 3897037B24559A4900FF5077 /* Build configuration list for PBXProject "draft" */;
			compatibilityVersion = "Xcode 9.3";
			developmentRegion = en;
			hasScannedForEncodings = 0;
			knownRegions = (
				en,
				Base,
			);
			mainGroup = 3897037724559A4900FF5077;
			productRefGroup = 3897038124559A4900FF5077 /* Products */;
			projectDirPath = "";
			projectRoot = "";
			targets = (
				3897037F24559A4900FF5077 /* draft */,
				3897039824559A4C00FF5077 /* draftTests */,
				389703A324559A4C00FF5077 /* draftUITests */,
			);
		};
/* End PBXProject section */

/* Begin PBXResourcesBuildPhase section */
		3897037E24559A4900FF5077 /* Resources */ = {
			isa = PBXResourcesBuildPhase;
			buildActionMask = 2147483647;
			files = (
				3897039024559A4C00FF5077 /* Assets.xcassets in Resources */,
				3897038B24559A4900FF5077 /* Main.storyboard in Resources */,
				388E1C2E24BC5BEB008DD24F /* RoomDetail.storyboard in Resources */,
				BF7287FB2478D077009132B7 /* DraftLaunchScreen.storyboard in Resources */,
				3837B51E24B5BAAE0085E821 /* secret_login.json in Resources */,
			);
			runOnlyForDeploymentPostprocessing = 0;
		};
		3897039724559A4C00FF5077 /* Resources */ = {
			isa = PBXResourcesBuildPhase;
			buildActionMask = 2147483647;
			files = (
				BF7287FC2478D077009132B7 /* DraftLaunchScreen.storyboard in Resources */,
				3837B51F24B5BAAE0085E821 /* secret_login.json in Resources */,
			);
			runOnlyForDeploymentPostprocessing = 0;
		};
		389703A224559A4C00FF5077 /* Resources */ = {
			isa = PBXResourcesBuildPhase;
			buildActionMask = 2147483647;
			files = (
				BF7287FD2478D077009132B7 /* DraftLaunchScreen.storyboard in Resources */,
			);
			runOnlyForDeploymentPostprocessing = 0;
		};
/* End PBXResourcesBuildPhase section */

/* Begin PBXSourcesBuildPhase section */
		3897037C24559A4900FF5077 /* Sources */ = {
			isa = PBXSourcesBuildPhase;
			buildActionMask = 2147483647;
			files = (
				384FA83924B9FC6600FB3CF4 /* RoomDetailVC+APIRequest.swift in Sources */,
				3897038424559A4900FF5077 /* AppDelegate.swift in Sources */,
				388E1C3024BC68B5008DD24F /* RoomInfoTableVC.swift in Sources */,
				386D72D4246312160099C35E /* RoomDetailViewController.swift in Sources */,
				389703BD2455A81400FF5077 /* MatchingTableViewController.swift in Sources */,
				38D00C35248B3E7400F50F9B /* Model-utilities.swift in Sources */,
				3897038624559A4900FF5077 /* SceneDelegate.swift in Sources */,
				38D00C32248B3D7500F50F9B /* RoomGroup.swift in Sources */,
				3897038E24559A4900FF5077 /* draft.xcdatamodeld in Sources */,
				386D72D2246311FF0099C35E /* RoomsByDate.swift in Sources */,
				38F89F7324BC8BFC00AB80E8 /* RoomInfoTableViewCell.swift in Sources */,
				3837B51B24B5AF960085E821 /* MatchingTableVC+APIRequest.swift in Sources */,
				386D72D0246311F40099C35E /* Room.swift in Sources */,
			);
			runOnlyForDeploymentPostprocessing = 0;
		};
		3897039524559A4C00FF5077 /* Sources */ = {
			isa = PBXSourcesBuildPhase;
			buildActionMask = 2147483647;
			files = (
				3837B51C24B5AF960085E821 /* MatchingTableVC+APIRequest.swift in Sources */,
				38969E0E24A6F7D70032F82C /* RoomRestAPITest.swift in Sources */,
				38495BF8249DC22F0077C570 /* Model-utilities.swift in Sources */,
				38969E0F24A6F7F90032F82C /* MatchingTableViewController.swift in Sources */,
				383C9788246EE6390013E6AF /* RoomGroupTests.swift in Sources */,
				383C978A246EE6840013E6AF /* RoomsByDate.swift in Sources */,
				383C978B246EEA420013E6AF /* Room.swift in Sources */,
				3897039E24559A4C00FF5077 /* draftTests.swift in Sources */,
				38D00C33248B3D7500F50F9B /* RoomGroup.swift in Sources */,
			);
			runOnlyForDeploymentPostprocessing = 0;
		};
		389703A024559A4C00FF5077 /* Sources */ = {
			isa = PBXSourcesBuildPhase;
			buildActionMask = 2147483647;
			files = (
				389703A924559A4C00FF5077 /* draftUITests.swift in Sources */,
			);
			runOnlyForDeploymentPostprocessing = 0;
		};
/* End PBXSourcesBuildPhase section */

/* Begin PBXTargetDependency section */
		3897039B24559A4C00FF5077 /* PBXTargetDependency */ = {
			isa = PBXTargetDependency;
			target = 3897037F24559A4900FF5077 /* draft */;
			targetProxy = 3897039A24559A4C00FF5077 /* PBXContainerItemProxy */;
		};
		389703A624559A4C00FF5077 /* PBXTargetDependency */ = {
			isa = PBXTargetDependency;
			target = 3897037F24559A4900FF5077 /* draft */;
			targetProxy = 389703A524559A4C00FF5077 /* PBXContainerItemProxy */;
		};
/* End PBXTargetDependency section */

/* Begin PBXVariantGroup section */
		3897038924559A4900FF5077 /* Main.storyboard */ = {
			isa = PBXVariantGroup;
			children = (
				3897038A24559A4900FF5077 /* Base */,
			);
			name = Main.storyboard;
			sourceTree = "<group>";
		};
/* End PBXVariantGroup section */

/* Begin XCBuildConfiguration section */
		389703AB24559A4C00FF5077 /* Debug */ = {
			isa = XCBuildConfiguration;
			buildSettings = {
				ALWAYS_SEARCH_USER_PATHS = NO;
				CLANG_ANALYZER_NONNULL = YES;
				CLANG_ANALYZER_NUMBER_OBJECT_CONVERSION = YES_AGGRESSIVE;
				CLANG_CXX_LANGUAGE_STANDARD = "gnu++14";
				CLANG_CXX_LIBRARY = "libc++";
				CLANG_ENABLE_MODULES = YES;
				CLANG_ENABLE_OBJC_ARC = YES;
				CLANG_ENABLE_OBJC_WEAK = YES;
				CLANG_WARN_BLOCK_CAPTURE_AUTORELEASING = YES;
				CLANG_WARN_BOOL_CONVERSION = YES;
				CLANG_WARN_COMMA = YES;
				CLANG_WARN_CONSTANT_CONVERSION = YES;
				CLANG_WARN_DEPRECATED_OBJC_IMPLEMENTATIONS = YES;
				CLANG_WARN_DIRECT_OBJC_ISA_USAGE = YES_ERROR;
				CLANG_WARN_DOCUMENTATION_COMMENTS = YES;
				CLANG_WARN_EMPTY_BODY = YES;
				CLANG_WARN_ENUM_CONVERSION = YES;
				CLANG_WARN_INFINITE_RECURSION = YES;
				CLANG_WARN_INT_CONVERSION = YES;
				CLANG_WARN_NON_LITERAL_NULL_CONVERSION = YES;
				CLANG_WARN_OBJC_IMPLICIT_RETAIN_SELF = YES;
				CLANG_WARN_OBJC_LITERAL_CONVERSION = YES;
				CLANG_WARN_OBJC_ROOT_CLASS = YES_ERROR;
				CLANG_WARN_RANGE_LOOP_ANALYSIS = YES;
				CLANG_WARN_STRICT_PROTOTYPES = YES;
				CLANG_WARN_SUSPICIOUS_MOVE = YES;
				CLANG_WARN_UNGUARDED_AVAILABILITY = YES_AGGRESSIVE;
				CLANG_WARN_UNREACHABLE_CODE = YES;
				CLANG_WARN__DUPLICATE_METHOD_MATCH = YES;
				COPY_PHASE_STRIP = NO;
				DEBUG_INFORMATION_FORMAT = dwarf;
				ENABLE_STRICT_OBJC_MSGSEND = YES;
				ENABLE_TESTABILITY = YES;
				GCC_C_LANGUAGE_STANDARD = gnu11;
				GCC_DYNAMIC_NO_PIC = NO;
				GCC_NO_COMMON_BLOCKS = YES;
				GCC_OPTIMIZATION_LEVEL = 0;
				GCC_PREPROCESSOR_DEFINITIONS = (
					"DEBUG=1",
					"$(inherited)",
				);
				GCC_WARN_64_TO_32_BIT_CONVERSION = YES;
				GCC_WARN_ABOUT_RETURN_TYPE = YES_ERROR;
				GCC_WARN_UNDECLARED_SELECTOR = YES;
				GCC_WARN_UNINITIALIZED_AUTOS = YES_AGGRESSIVE;
				GCC_WARN_UNUSED_FUNCTION = YES;
				GCC_WARN_UNUSED_VARIABLE = YES;
				IPHONEOS_DEPLOYMENT_TARGET = 13.4;
				MTL_ENABLE_DEBUG_INFO = INCLUDE_SOURCE;
				MTL_FAST_MATH = YES;
				ONLY_ACTIVE_ARCH = YES;
				SDKROOT = iphoneos;
				SWIFT_ACTIVE_COMPILATION_CONDITIONS = DEBUG;
				SWIFT_OPTIMIZATION_LEVEL = "-Onone";
			};
			name = Debug;
		};
		389703AC24559A4C00FF5077 /* Release */ = {
			isa = XCBuildConfiguration;
			buildSettings = {
				ALWAYS_SEARCH_USER_PATHS = NO;
				CLANG_ANALYZER_NONNULL = YES;
				CLANG_ANALYZER_NUMBER_OBJECT_CONVERSION = YES_AGGRESSIVE;
				CLANG_CXX_LANGUAGE_STANDARD = "gnu++14";
				CLANG_CXX_LIBRARY = "libc++";
				CLANG_ENABLE_MODULES = YES;
				CLANG_ENABLE_OBJC_ARC = YES;
				CLANG_ENABLE_OBJC_WEAK = YES;
				CLANG_WARN_BLOCK_CAPTURE_AUTORELEASING = YES;
				CLANG_WARN_BOOL_CONVERSION = YES;
				CLANG_WARN_COMMA = YES;
				CLANG_WARN_CONSTANT_CONVERSION = YES;
				CLANG_WARN_DEPRECATED_OBJC_IMPLEMENTATIONS = YES;
				CLANG_WARN_DIRECT_OBJC_ISA_USAGE = YES_ERROR;
				CLANG_WARN_DOCUMENTATION_COMMENTS = YES;
				CLANG_WARN_EMPTY_BODY = YES;
				CLANG_WARN_ENUM_CONVERSION = YES;
				CLANG_WARN_INFINITE_RECURSION = YES;
				CLANG_WARN_INT_CONVERSION = YES;
				CLANG_WARN_NON_LITERAL_NULL_CONVERSION = YES;
				CLANG_WARN_OBJC_IMPLICIT_RETAIN_SELF = YES;
				CLANG_WARN_OBJC_LITERAL_CONVERSION = YES;
				CLANG_WARN_OBJC_ROOT_CLASS = YES_ERROR;
				CLANG_WARN_RANGE_LOOP_ANALYSIS = YES;
				CLANG_WARN_STRICT_PROTOTYPES = YES;
				CLANG_WARN_SUSPICIOUS_MOVE = YES;
				CLANG_WARN_UNGUARDED_AVAILABILITY = YES_AGGRESSIVE;
				CLANG_WARN_UNREACHABLE_CODE = YES;
				CLANG_WARN__DUPLICATE_METHOD_MATCH = YES;
				COPY_PHASE_STRIP = NO;
				DEBUG_INFORMATION_FORMAT = "dwarf-with-dsym";
				ENABLE_NS_ASSERTIONS = NO;
				ENABLE_STRICT_OBJC_MSGSEND = YES;
				GCC_C_LANGUAGE_STANDARD = gnu11;
				GCC_NO_COMMON_BLOCKS = YES;
				GCC_WARN_64_TO_32_BIT_CONVERSION = YES;
				GCC_WARN_ABOUT_RETURN_TYPE = YES_ERROR;
				GCC_WARN_UNDECLARED_SELECTOR = YES;
				GCC_WARN_UNINITIALIZED_AUTOS = YES_AGGRESSIVE;
				GCC_WARN_UNUSED_FUNCTION = YES;
				GCC_WARN_UNUSED_VARIABLE = YES;
				IPHONEOS_DEPLOYMENT_TARGET = 13.4;
				MTL_ENABLE_DEBUG_INFO = NO;
				MTL_FAST_MATH = YES;
				SDKROOT = iphoneos;
				SWIFT_COMPILATION_MODE = wholemodule;
				SWIFT_OPTIMIZATION_LEVEL = "-O";
				VALIDATE_PRODUCT = YES;
			};
			name = Release;
		};
		389703AE24559A4C00FF5077 /* Debug */ = {
			isa = XCBuildConfiguration;
			buildSettings = {
				ASSETCATALOG_COMPILER_APPICON_NAME = AppIcon;
				CODE_SIGN_STYLE = Automatic;
				DEVELOPMENT_TEAM = M974BXPS92;
				INFOPLIST_FILE = draft/Info.plist;
				IPHONEOS_DEPLOYMENT_TARGET = 13.1;
				LD_RUNPATH_SEARCH_PATHS = (
					"$(inherited)",
					"@executable_path/Frameworks",
				);
				PRODUCT_BUNDLE_IDENTIFIER = com.draft.waffle2;
				PRODUCT_NAME = "$(TARGET_NAME)";
				SWIFT_VERSION = 5.0;
				TARGETED_DEVICE_FAMILY = "1,2";
			};
			name = Debug;
		};
		389703AF24559A4C00FF5077 /* Release */ = {
			isa = XCBuildConfiguration;
			buildSettings = {
				ASSETCATALOG_COMPILER_APPICON_NAME = AppIcon;
				CODE_SIGN_STYLE = Automatic;
				DEVELOPMENT_TEAM = M974BXPS92;
				INFOPLIST_FILE = draft/Info.plist;
				IPHONEOS_DEPLOYMENT_TARGET = 13.1;
				LD_RUNPATH_SEARCH_PATHS = (
					"$(inherited)",
					"@executable_path/Frameworks",
				);
				PRODUCT_BUNDLE_IDENTIFIER = com.draft.waffle2;
				PRODUCT_NAME = "$(TARGET_NAME)";
				SWIFT_VERSION = 5.0;
				TARGETED_DEVICE_FAMILY = "1,2";
			};
			name = Release;
		};
		389703B124559A4C00FF5077 /* Debug */ = {
			isa = XCBuildConfiguration;
			buildSettings = {
				ALWAYS_EMBED_SWIFT_STANDARD_LIBRARIES = YES;
				BUNDLE_LOADER = "$(TEST_HOST)";
				CODE_SIGN_STYLE = Automatic;
				INFOPLIST_FILE = draftTests/Info.plist;
				IPHONEOS_DEPLOYMENT_TARGET = 13.4;
				LD_RUNPATH_SEARCH_PATHS = (
					"$(inherited)",
					"@executable_path/Frameworks",
					"@loader_path/Frameworks",
				);
				PRODUCT_BUNDLE_IDENTIFIER = com.draftTests;
				PRODUCT_NAME = "$(TARGET_NAME)";
				SWIFT_VERSION = 5.0;
				TARGETED_DEVICE_FAMILY = "1,2";
				TEST_HOST = "$(BUILT_PRODUCTS_DIR)/draft.app/draft";
			};
			name = Debug;
		};
		389703B224559A4C00FF5077 /* Release */ = {
			isa = XCBuildConfiguration;
			buildSettings = {
				ALWAYS_EMBED_SWIFT_STANDARD_LIBRARIES = YES;
				BUNDLE_LOADER = "$(TEST_HOST)";
				CODE_SIGN_STYLE = Automatic;
				INFOPLIST_FILE = draftTests/Info.plist;
				IPHONEOS_DEPLOYMENT_TARGET = 13.4;
				LD_RUNPATH_SEARCH_PATHS = (
					"$(inherited)",
					"@executable_path/Frameworks",
					"@loader_path/Frameworks",
				);
				PRODUCT_BUNDLE_IDENTIFIER = com.draftTests;
				PRODUCT_NAME = "$(TARGET_NAME)";
				SWIFT_VERSION = 5.0;
				TARGETED_DEVICE_FAMILY = "1,2";
				TEST_HOST = "$(BUILT_PRODUCTS_DIR)/draft.app/draft";
			};
			name = Release;
		};
		389703B424559A4C00FF5077 /* Debug */ = {
			isa = XCBuildConfiguration;
			buildSettings = {
				ALWAYS_EMBED_SWIFT_STANDARD_LIBRARIES = YES;
				CODE_SIGN_STYLE = Automatic;
				INFOPLIST_FILE = draftUITests/Info.plist;
				LD_RUNPATH_SEARCH_PATHS = (
					"$(inherited)",
					"@executable_path/Frameworks",
					"@loader_path/Frameworks",
				);
				PRODUCT_BUNDLE_IDENTIFIER = com.draftUITests;
				PRODUCT_NAME = "$(TARGET_NAME)";
				SWIFT_VERSION = 5.0;
				TARGETED_DEVICE_FAMILY = "1,2";
				TEST_TARGET_NAME = draft;
			};
			name = Debug;
		};
		389703B524559A4C00FF5077 /* Release */ = {
			isa = XCBuildConfiguration;
			buildSettings = {
				ALWAYS_EMBED_SWIFT_STANDARD_LIBRARIES = YES;
				CODE_SIGN_STYLE = Automatic;
				INFOPLIST_FILE = draftUITests/Info.plist;
				LD_RUNPATH_SEARCH_PATHS = (
					"$(inherited)",
					"@executable_path/Frameworks",
					"@loader_path/Frameworks",
				);
				PRODUCT_BUNDLE_IDENTIFIER = com.draftUITests;
				PRODUCT_NAME = "$(TARGET_NAME)";
				SWIFT_VERSION = 5.0;
				TARGETED_DEVICE_FAMILY = "1,2";
				TEST_TARGET_NAME = draft;
			};
			name = Release;
		};
/* End XCBuildConfiguration section */

/* Begin XCConfigurationList section */
		3897037B24559A4900FF5077 /* Build configuration list for PBXProject "draft" */ = {
			isa = XCConfigurationList;
			buildConfigurations = (
				389703AB24559A4C00FF5077 /* Debug */,
				389703AC24559A4C00FF5077 /* Release */,
			);
			defaultConfigurationIsVisible = 0;
			defaultConfigurationName = Release;
		};
		389703AD24559A4C00FF5077 /* Build configuration list for PBXNativeTarget "draft" */ = {
			isa = XCConfigurationList;
			buildConfigurations = (
				389703AE24559A4C00FF5077 /* Debug */,
				389703AF24559A4C00FF5077 /* Release */,
			);
			defaultConfigurationIsVisible = 0;
			defaultConfigurationName = Release;
		};
		389703B024559A4C00FF5077 /* Build configuration list for PBXNativeTarget "draftTests" */ = {
			isa = XCConfigurationList;
			buildConfigurations = (
				389703B124559A4C00FF5077 /* Debug */,
				389703B224559A4C00FF5077 /* Release */,
			);
			defaultConfigurationIsVisible = 0;
			defaultConfigurationName = Release;
		};
		389703B324559A4C00FF5077 /* Build configuration list for PBXNativeTarget "draftUITests" */ = {
			isa = XCConfigurationList;
			buildConfigurations = (
				389703B424559A4C00FF5077 /* Debug */,
				389703B524559A4C00FF5077 /* Release */,
			);
			defaultConfigurationIsVisible = 0;
			defaultConfigurationName = Release;
		};
/* End XCConfigurationList section */

/* Begin XCVersionGroup section */
		3897038C24559A4900FF5077 /* draft.xcdatamodeld */ = {
			isa = XCVersionGroup;
			children = (
				3897038D24559A4900FF5077 /* draft.xcdatamodel */,
			);
			currentVersion = 3897038D24559A4900FF5077 /* draft.xcdatamodel */;
			path = draft.xcdatamodeld;
			sourceTree = "<group>";
			versionGroupType = wrapper.xcdatamodel;
		};
/* End XCVersionGroup section */
	};
	rootObject = 3897037824559A4900FF5077 /* Project object */;
}
