// !$*UTF8*$!
{
	archiveVersion = 1;
	classes = {
	};
	objectVersion = 51;
	objects = {

/* Begin PBXBuildFile section */
		380ABC8A24F9621400B212F0 /* SignInViewController+appleSignIn.swift in Sources */ = {isa = PBXBuildFile; fileRef = 380ABC8924F9621400B212F0 /* SignInViewController+appleSignIn.swift */; };
		380ABC8C24F9645B00B212F0 /* KeychainAccess.swift in Sources */ = {isa = PBXBuildFile; fileRef = 380ABC8B24F9645B00B212F0 /* KeychainAccess.swift */; };
		380B77C624C214FB00CB1CB2 /* GameDatePickerViewController.swift in Sources */ = {isa = PBXBuildFile; fileRef = 380B77C524C214FB00CB1CB2 /* GameDatePickerViewController.swift */; };
		3837B51B24B5AF960085E821 /* MatchingTableVC+APIRequest.swift in Sources */ = {isa = PBXBuildFile; fileRef = 3837B51A24B5AF960085E821 /* MatchingTableVC+APIRequest.swift */; };
		3837B51C24B5AF960085E821 /* MatchingTableVC+APIRequest.swift in Sources */ = {isa = PBXBuildFile; fileRef = 3837B51A24B5AF960085E821 /* MatchingTableVC+APIRequest.swift */; };
		383C9788246EE6390013E6AF /* RoomGroupTests.swift in Sources */ = {isa = PBXBuildFile; fileRef = 383C9787246EE6390013E6AF /* RoomGroupTests.swift */; };
		383C978A246EE6840013E6AF /* RoomsByDate.swift in Sources */ = {isa = PBXBuildFile; fileRef = 386D72D1246311FF0099C35E /* RoomsByDate.swift */; };
		383C978B246EEA420013E6AF /* Room.swift in Sources */ = {isa = PBXBuildFile; fileRef = 386D72CF246311F40099C35E /* Room.swift */; };
		383D384D25455AB400AA3E74 /* APIRequests.swift in Sources */ = {isa = PBXBuildFile; fileRef = 383D384C25455AB400AA3E74 /* APIRequests.swift */; };
		38495BF8249DC22F0077C570 /* Model-utilities.swift in Sources */ = {isa = PBXBuildFile; fileRef = 38D00C34248B3E7400F50F9B /* Model-utilities.swift */; };
		384FA83924B9FC6600FB3CF4 /* RoomDetailVC+APIRequest.swift in Sources */ = {isa = PBXBuildFile; fileRef = 384FA83824B9FC6600FB3CF4 /* RoomDetailVC+APIRequest.swift */; };
		386D72D0246311F40099C35E /* Room.swift in Sources */ = {isa = PBXBuildFile; fileRef = 386D72CF246311F40099C35E /* Room.swift */; };
		386D72D2246311FF0099C35E /* RoomsByDate.swift in Sources */ = {isa = PBXBuildFile; fileRef = 386D72D1246311FF0099C35E /* RoomsByDate.swift */; };
		386D72D4246312160099C35E /* RoomDetailViewController.swift in Sources */ = {isa = PBXBuildFile; fileRef = 386D72D3246312160099C35E /* RoomDetailViewController.swift */; };
		388E1C2E24BC5BEB008DD24F /* MatchingTable.storyboard in Resources */ = {isa = PBXBuildFile; fileRef = 388E1C2D24BC5BEB008DD24F /* MatchingTable.storyboard */; };
		38969E0E24A6F7D70032F82C /* RoomRestAPITest.swift in Sources */ = {isa = PBXBuildFile; fileRef = 38969E0D24A6F7D70032F82C /* RoomRestAPITest.swift */; };
		38969E0F24A6F7F90032F82C /* MatchingTableViewController.swift in Sources */ = {isa = PBXBuildFile; fileRef = 389703BC2455A81400FF5077 /* MatchingTableViewController.swift */; };
		3897038424559A4900FF5077 /* AppDelegate.swift in Sources */ = {isa = PBXBuildFile; fileRef = 3897038324559A4900FF5077 /* AppDelegate.swift */; };
		3897038B24559A4900FF5077 /* Main.storyboard in Resources */ = {isa = PBXBuildFile; fileRef = 3897038924559A4900FF5077 /* Main.storyboard */; };
		3897038E24559A4900FF5077 /* Draft.xcdatamodeld in Sources */ = {isa = PBXBuildFile; fileRef = 3897038C24559A4900FF5077 /* Draft.xcdatamodeld */; };
		3897039024559A4C00FF5077 /* Assets.xcassets in Resources */ = {isa = PBXBuildFile; fileRef = 3897038F24559A4C00FF5077 /* Assets.xcassets */; };
		3897039E24559A4C00FF5077 /* DraftTests.swift in Sources */ = {isa = PBXBuildFile; fileRef = 3897039D24559A4C00FF5077 /* DraftTests.swift */; };
		389703A924559A4C00FF5077 /* DraftUITests.swift in Sources */ = {isa = PBXBuildFile; fileRef = 389703A824559A4C00FF5077 /* DraftUITests.swift */; };
		389703BD2455A81400FF5077 /* MatchingTableViewController.swift in Sources */ = {isa = PBXBuildFile; fileRef = 389703BC2455A81400FF5077 /* MatchingTableViewController.swift */; };
		38B0347D24F8F9F8005E759A /* Constants.swift in Sources */ = {isa = PBXBuildFile; fileRef = 38B0347C24F8F9F8005E759A /* Constants.swift */; };
		38B0347F24F946EE005E759A /* OAuthSignUpViewController.swift in Sources */ = {isa = PBXBuildFile; fileRef = 38B0347E24F946EE005E759A /* OAuthSignUpViewController.swift */; };
		38D00C32248B3D7500F50F9B /* RoomGroup.swift in Sources */ = {isa = PBXBuildFile; fileRef = 38D00C31248B3D7500F50F9B /* RoomGroup.swift */; };
		38D00C33248B3D7500F50F9B /* RoomGroup.swift in Sources */ = {isa = PBXBuildFile; fileRef = 38D00C31248B3D7500F50F9B /* RoomGroup.swift */; };
		38D00C35248B3E7400F50F9B /* Model-utilities.swift in Sources */ = {isa = PBXBuildFile; fileRef = 38D00C34248B3E7400F50F9B /* Model-utilities.swift */; };
		BEF9C970342B3B1918B91A5D /* libPods-Draft.a in Frameworks */ = {isa = PBXBuildFile; fileRef = C6A7F0B294B87CAD1689B0A4 /* libPods-Draft.a */; };
		BF5401C524C853EB00D73368 /* SignUpViewController.swift in Sources */ = {isa = PBXBuildFile; fileRef = BF5401C424C853EB00D73368 /* SignUpViewController.swift */; };
		BF5401C624C853EB00D73368 /* SignUpViewController.swift in Sources */ = {isa = PBXBuildFile; fileRef = BF5401C424C853EB00D73368 /* SignUpViewController.swift */; };
		BF5401C724C853EB00D73368 /* SignUpViewController.swift in Sources */ = {isa = PBXBuildFile; fileRef = BF5401C424C853EB00D73368 /* SignUpViewController.swift */; };
		BF7287FB2478D077009132B7 /* DraftLaunchScreen.storyboard in Resources */ = {isa = PBXBuildFile; fileRef = BF7287FA2478D077009132B7 /* DraftLaunchScreen.storyboard */; };
		BF7287FC2478D077009132B7 /* DraftLaunchScreen.storyboard in Resources */ = {isa = PBXBuildFile; fileRef = BF7287FA2478D077009132B7 /* DraftLaunchScreen.storyboard */; };
		BF7287FD2478D077009132B7 /* DraftLaunchScreen.storyboard in Resources */ = {isa = PBXBuildFile; fileRef = BF7287FA2478D077009132B7 /* DraftLaunchScreen.storyboard */; };
		BF97A7C525456373003597FB /* AppKeys.swift in Sources */ = {isa = PBXBuildFile; fileRef = BF97A7C425456373003597FB /* AppKeys.swift */; };
		BF97A7C625456373003597FB /* AppKeys.swift in Sources */ = {isa = PBXBuildFile; fileRef = BF97A7C425456373003597FB /* AppKeys.swift */; };
		BF97A7C725456373003597FB /* AppKeys.swift in Sources */ = {isa = PBXBuildFile; fileRef = BF97A7C425456373003597FB /* AppKeys.swift */; };
		BF9CF84724B7692500FEEC5E /* SignInViewController.swift in Sources */ = {isa = PBXBuildFile; fileRef = BF9CF84624B7692500FEEC5E /* SignInViewController.swift */; };
		BF9CF84824B7692500FEEC5E /* SignInViewController.swift in Sources */ = {isa = PBXBuildFile; fileRef = BF9CF84624B7692500FEEC5E /* SignInViewController.swift */; };
		BF9CF84924B7692500FEEC5E /* SignInViewController.swift in Sources */ = {isa = PBXBuildFile; fileRef = BF9CF84624B7692500FEEC5E /* SignInViewController.swift */; };
		BFBE4D1B24C6F9B4005D2D32 /* User.swift in Sources */ = {isa = PBXBuildFile; fileRef = BFBE4D1A24C6F9B4005D2D32 /* User.swift */; };
		BFBE4D1C24C6F9B4005D2D32 /* User.swift in Sources */ = {isa = PBXBuildFile; fileRef = BFBE4D1A24C6F9B4005D2D32 /* User.swift */; };
		BFBE4D1D24C6F9B4005D2D32 /* User.swift in Sources */ = {isa = PBXBuildFile; fileRef = BFBE4D1A24C6F9B4005D2D32 /* User.swift */; };
/* End PBXBuildFile section */

/* Begin PBXContainerItemProxy section */
		3897039A24559A4C00FF5077 /* PBXContainerItemProxy */ = {
			isa = PBXContainerItemProxy;
			containerPortal = 3897037824559A4900FF5077 /* Project object */;
			proxyType = 1;
			remoteGlobalIDString = 3897037F24559A4900FF5077;
			remoteInfo = draft;
		};
		389703A524559A4C00FF5077 /* PBXContainerItemProxy */ = {
			isa = PBXContainerItemProxy;
			containerPortal = 3897037824559A4900FF5077 /* Project object */;
			proxyType = 1;
			remoteGlobalIDString = 3897037F24559A4900FF5077;
			remoteInfo = draft;
		};
/* End PBXContainerItemProxy section */

/* Begin PBXFileReference section */
		07773BE7A08C0D41BC81B968 /* Pods-Draft.release.xcconfig */ = {isa = PBXFileReference; includeInIndex = 1; lastKnownFileType = text.xcconfig; name = "Pods-Draft.release.xcconfig"; path = "Target Support Files/Pods-Draft/Pods-Draft.release.xcconfig"; sourceTree = "<group>"; };
		20E9DFAA2D02F041ACFEC8F2 /* Pods-draft.debug.xcconfig */ = {isa = PBXFileReference; includeInIndex = 1; lastKnownFileType = text.xcconfig; name = "Pods-draft.debug.xcconfig"; path = "Target Support Files/Pods-draft/Pods-draft.debug.xcconfig"; sourceTree = "<group>"; };
		231252D2B1B9A2E0A0F90C73 /* Pods-Draft.debug.xcconfig */ = {isa = PBXFileReference; includeInIndex = 1; lastKnownFileType = text.xcconfig; name = "Pods-Draft.debug.xcconfig"; path = "Target Support Files/Pods-Draft/Pods-Draft.debug.xcconfig"; sourceTree = "<group>"; };
		380ABC8924F9621400B212F0 /* SignInViewController+appleSignIn.swift */ = {isa = PBXFileReference; lastKnownFileType = sourcecode.swift; path = "SignInViewController+appleSignIn.swift"; sourceTree = "<group>"; };
		380ABC8B24F9645B00B212F0 /* KeychainAccess.swift */ = {isa = PBXFileReference; lastKnownFileType = sourcecode.swift; path = KeychainAccess.swift; sourceTree = "<group>"; };
		380ABC8D24F96E6300B212F0 /* Draft.entitlements */ = {isa = PBXFileReference; lastKnownFileType = text.plist.entitlements; path = Draft.entitlements; sourceTree = "<group>"; };
		380B77C524C214FB00CB1CB2 /* GameDatePickerViewController.swift */ = {isa = PBXFileReference; lastKnownFileType = sourcecode.swift; path = GameDatePickerViewController.swift; sourceTree = "<group>"; };
		3837B51A24B5AF960085E821 /* MatchingTableVC+APIRequest.swift */ = {isa = PBXFileReference; lastKnownFileType = sourcecode.swift; path = "MatchingTableVC+APIRequest.swift"; sourceTree = "<group>"; };
		383C9787246EE6390013E6AF /* RoomGroupTests.swift */ = {isa = PBXFileReference; lastKnownFileType = sourcecode.swift; path = RoomGroupTests.swift; sourceTree = "<group>"; };
		383D384C25455AB400AA3E74 /* APIRequests.swift */ = {isa = PBXFileReference; lastKnownFileType = sourcecode.swift; path = APIRequests.swift; sourceTree = "<group>"; };
		384FA83824B9FC6600FB3CF4 /* RoomDetailVC+APIRequest.swift */ = {isa = PBXFileReference; lastKnownFileType = sourcecode.swift; path = "RoomDetailVC+APIRequest.swift"; sourceTree = "<group>"; };
		386D72CF246311F40099C35E /* Room.swift */ = {isa = PBXFileReference; fileEncoding = 4; lastKnownFileType = sourcecode.swift; name = Room.swift; path = draft/Models/Room.swift; sourceTree = SOURCE_ROOT; };
		386D72D1246311FF0099C35E /* RoomsByDate.swift */ = {isa = PBXFileReference; fileEncoding = 4; lastKnownFileType = sourcecode.swift; name = RoomsByDate.swift; path = draft/Models/RoomsByDate.swift; sourceTree = SOURCE_ROOT; };
		386D72D3246312160099C35E /* RoomDetailViewController.swift */ = {isa = PBXFileReference; fileEncoding = 4; lastKnownFileType = sourcecode.swift; path = RoomDetailViewController.swift; sourceTree = "<group>"; };
		388E1C2D24BC5BEB008DD24F /* MatchingTable.storyboard */ = {isa = PBXFileReference; lastKnownFileType = file.storyboard; path = MatchingTable.storyboard; sourceTree = "<group>"; };
		38969E0D24A6F7D70032F82C /* RoomRestAPITest.swift */ = {isa = PBXFileReference; lastKnownFileType = sourcecode.swift; path = RoomRestAPITest.swift; sourceTree = "<group>"; };
		3897038024559A4900FF5077 /* Draft.app */ = {isa = PBXFileReference; explicitFileType = wrapper.application; includeInIndex = 0; path = Draft.app; sourceTree = BUILT_PRODUCTS_DIR; };
		3897038324559A4900FF5077 /* AppDelegate.swift */ = {isa = PBXFileReference; lastKnownFileType = sourcecode.swift; path = AppDelegate.swift; sourceTree = "<group>"; };
		3897038A24559A4900FF5077 /* Base */ = {isa = PBXFileReference; lastKnownFileType = file.storyboard; name = Base; path = Base.lproj/Main.storyboard; sourceTree = "<group>"; };
		3897038D24559A4900FF5077 /* Draft.xcdatamodel */ = {isa = PBXFileReference; lastKnownFileType = wrapper.xcdatamodel; path = Draft.xcdatamodel; sourceTree = "<group>"; };
		3897038F24559A4C00FF5077 /* Assets.xcassets */ = {isa = PBXFileReference; lastKnownFileType = folder.assetcatalog; path = Assets.xcassets; sourceTree = "<group>"; };
		3897039424559A4C00FF5077 /* Info.plist */ = {isa = PBXFileReference; lastKnownFileType = text.plist.xml; path = Info.plist; sourceTree = "<group>"; };
		3897039924559A4C00FF5077 /* DraftTests.xctest */ = {isa = PBXFileReference; explicitFileType = wrapper.cfbundle; includeInIndex = 0; path = DraftTests.xctest; sourceTree = BUILT_PRODUCTS_DIR; };
		3897039D24559A4C00FF5077 /* DraftTests.swift */ = {isa = PBXFileReference; lastKnownFileType = sourcecode.swift; path = DraftTests.swift; sourceTree = "<group>"; };
		3897039F24559A4C00FF5077 /* Info.plist */ = {isa = PBXFileReference; lastKnownFileType = text.plist.xml; path = Info.plist; sourceTree = "<group>"; };
		389703A424559A4C00FF5077 /* DraftUITests.xctest */ = {isa = PBXFileReference; explicitFileType = wrapper.cfbundle; includeInIndex = 0; path = DraftUITests.xctest; sourceTree = BUILT_PRODUCTS_DIR; };
		389703A824559A4C00FF5077 /* DraftUITests.swift */ = {isa = PBXFileReference; lastKnownFileType = sourcecode.swift; path = DraftUITests.swift; sourceTree = "<group>"; };
		389703AA24559A4C00FF5077 /* Info.plist */ = {isa = PBXFileReference; lastKnownFileType = text.plist.xml; path = Info.plist; sourceTree = "<group>"; };
		389703BC2455A81400FF5077 /* MatchingTableViewController.swift */ = {isa = PBXFileReference; lastKnownFileType = sourcecode.swift; path = MatchingTableViewController.swift; sourceTree = "<group>"; };
		38B0347C24F8F9F8005E759A /* Constants.swift */ = {isa = PBXFileReference; lastKnownFileType = sourcecode.swift; path = Constants.swift; sourceTree = "<group>"; };
		38B0347E24F946EE005E759A /* OAuthSignUpViewController.swift */ = {isa = PBXFileReference; lastKnownFileType = sourcecode.swift; path = OAuthSignUpViewController.swift; sourceTree = "<group>"; };
		38D00C31248B3D7500F50F9B /* RoomGroup.swift */ = {isa = PBXFileReference; lastKnownFileType = sourcecode.swift; path = RoomGroup.swift; sourceTree = "<group>"; };
		38D00C34248B3E7400F50F9B /* Model-utilities.swift */ = {isa = PBXFileReference; lastKnownFileType = sourcecode.swift; path = "Model-utilities.swift"; sourceTree = "<group>"; };
		BF5401C424C853EB00D73368 /* SignUpViewController.swift */ = {isa = PBXFileReference; lastKnownFileType = sourcecode.swift; path = SignUpViewController.swift; sourceTree = "<group>"; };
		BF7287FA2478D077009132B7 /* DraftLaunchScreen.storyboard */ = {isa = PBXFileReference; lastKnownFileType = file.storyboard; path = DraftLaunchScreen.storyboard; sourceTree = "<group>"; };
		BF97A7C425456373003597FB /* AppKeys.swift */ = {isa = PBXFileReference; lastKnownFileType = sourcecode.swift; path = AppKeys.swift; sourceTree = "<group>"; };
		BF9CF84624B7692500FEEC5E /* SignInViewController.swift */ = {isa = PBXFileReference; lastKnownFileType = sourcecode.swift; path = SignInViewController.swift; sourceTree = "<group>"; };
		BFBE4D1A24C6F9B4005D2D32 /* User.swift */ = {isa = PBXFileReference; lastKnownFileType = sourcecode.swift; path = User.swift; sourceTree = "<group>"; };
		C5667709BEC8DB2B8A59C05F /* Pods-draft.release.xcconfig */ = {isa = PBXFileReference; includeInIndex = 1; lastKnownFileType = text.xcconfig; name = "Pods-draft.release.xcconfig"; path = "Target Support Files/Pods-draft/Pods-draft.release.xcconfig"; sourceTree = "<group>"; };
		C6A7F0B294B87CAD1689B0A4 /* libPods-Draft.a */ = {isa = PBXFileReference; explicitFileType = archive.ar; includeInIndex = 0; path = "libPods-Draft.a"; sourceTree = BUILT_PRODUCTS_DIR; };
/* End PBXFileReference section */

/* Begin PBXFrameworksBuildPhase section */
		3897037D24559A4900FF5077 /* Frameworks */ = {
			isa = PBXFrameworksBuildPhase;
			buildActionMask = 2147483647;
			files = (
				BEF9C970342B3B1918B91A5D /* libPods-Draft.a in Frameworks */,
			);
			runOnlyForDeploymentPostprocessing = 0;
		};
		3897039624559A4C00FF5077 /* Frameworks */ = {
			isa = PBXFrameworksBuildPhase;
			buildActionMask = 2147483647;
			files = (
			);
			runOnlyForDeploymentPostprocessing = 0;
		};
		389703A124559A4C00FF5077 /* Frameworks */ = {
			isa = PBXFrameworksBuildPhase;
			buildActionMask = 2147483647;
			files = (
			);
			runOnlyForDeploymentPostprocessing = 0;
		};
/* End PBXFrameworksBuildPhase section */

/* Begin PBXGroup section */
		380ABC8E24F9714D00B212F0 /* SignIn */ = {
			isa = PBXGroup;
			children = (
				BF9CF84624B7692500FEEC5E /* SignInViewController.swift */,
				380ABC8924F9621400B212F0 /* SignInViewController+appleSignIn.swift */,
				BF5401C424C853EB00D73368 /* SignUpViewController.swift */,
				38B0347E24F946EE005E759A /* OAuthSignUpViewController.swift */,
			);
			path = SignIn;
			sourceTree = "<group>";
		};
		383D384B25455AA400AA3E74 /* Network */ = {
			isa = PBXGroup;
			children = (
				383D384C25455AB400AA3E74 /* APIRequests.swift */,
			);
			path = Network;
			sourceTree = "<group>";
		};
		384FA83A24BA084A00FB3CF4 /* RoomDetail */ = {
			isa = PBXGroup;
			children = (
				386D72D3246312160099C35E /* RoomDetailViewController.swift */,
				384FA83824B9FC6600FB3CF4 /* RoomDetailVC+APIRequest.swift */,
				380B77C524C214FB00CB1CB2 /* GameDatePickerViewController.swift */,
			);
			path = RoomDetail;
			sourceTree = "<group>";
		};
		384FA83B24BA086100FB3CF4 /* MatchingTable */ = {
			isa = PBXGroup;
			children = (
				389703BC2455A81400FF5077 /* MatchingTableViewController.swift */,
				3837B51A24B5AF960085E821 /* MatchingTableVC+APIRequest.swift */,
			);
			path = MatchingTable;
			sourceTree = "<group>";
		};
		386D72CE246311DB0099C35E /* Models */ = {
			isa = PBXGroup;
			children = (
				386D72D1246311FF0099C35E /* RoomsByDate.swift */,
				386D72CF246311F40099C35E /* Room.swift */,
				38D00C31248B3D7500F50F9B /* RoomGroup.swift */,
				38D00C34248B3E7400F50F9B /* Model-utilities.swift */,
				BFBE4D1A24C6F9B4005D2D32 /* User.swift */,
			);
			path = Models;
			sourceTree = "<group>";
		};
		3897037724559A4900FF5077 = {
			isa = PBXGroup;
			children = (
				3897038224559A4900FF5077 /* Draft */,
				3897039C24559A4C00FF5077 /* DraftTests */,
				389703A724559A4C00FF5077 /* DraftUITests */,
				3897038124559A4900FF5077 /* Products */,
				7404BCC716FD2D435C65CFDF /* Pods */,
				E89FC6366113833467F61057 /* Frameworks */,
			);
			sourceTree = "<group>";
		};
		3897038124559A4900FF5077 /* Products */ = {
			isa = PBXGroup;
			children = (
				3897038024559A4900FF5077 /* Draft.app */,
				3897039924559A4C00FF5077 /* DraftTests.xctest */,
				389703A424559A4C00FF5077 /* DraftUITests.xctest */,
			);
			name = Products;
			sourceTree = "<group>";
		};
		3897038224559A4900FF5077 /* Draft */ = {
			isa = PBXGroup;
			children = (
				386D72CE246311DB0099C35E /* Models */,
				389703B624559C8C00FF5077 /* Controllers */,
				389703B724559C9700FF5077 /* Storyboards */,
				383D384B25455AA400AA3E74 /* Network */,
				BF97A7C325456342003597FB /* Util */,
				380ABC8D24F96E6300B212F0 /* Draft.entitlements */,
				3897038F24559A4C00FF5077 /* Assets.xcassets */,
				3897038324559A4900FF5077 /* AppDelegate.swift */,
				3897039424559A4C00FF5077 /* Info.plist */,
				3897038C24559A4900FF5077 /* Draft.xcdatamodeld */,
				38B0347C24F8F9F8005E759A /* Constants.swift */,
				380ABC8B24F9645B00B212F0 /* KeychainAccess.swift */,
			);
			path = Draft;
			sourceTree = "<group>";
		};
		3897039C24559A4C00FF5077 /* DraftTests */ = {
			isa = PBXGroup;
			children = (
				3897039D24559A4C00FF5077 /* DraftTests.swift */,
				3897039F24559A4C00FF5077 /* Info.plist */,
				383C9787246EE6390013E6AF /* RoomGroupTests.swift */,
				38969E0D24A6F7D70032F82C /* RoomRestAPITest.swift */,
			);
			path = DraftTests;
			sourceTree = "<group>";
		};
		389703A724559A4C00FF5077 /* DraftUITests */ = {
			isa = PBXGroup;
			children = (
				389703A824559A4C00FF5077 /* DraftUITests.swift */,
				389703AA24559A4C00FF5077 /* Info.plist */,
			);
			path = DraftUITests;
			sourceTree = "<group>";
		};
		389703B624559C8C00FF5077 /* Controllers */ = {
			isa = PBXGroup;
			children = (
				384FA83A24BA084A00FB3CF4 /* RoomDetail */,
				384FA83B24BA086100FB3CF4 /* MatchingTable */,
				380ABC8E24F9714D00B212F0 /* SignIn */,
			);
			path = Controllers;
			sourceTree = "<group>";
		};
		389703B724559C9700FF5077 /* Storyboards */ = {
			isa = PBXGroup;
			children = (
				3897038924559A4900FF5077 /* Main.storyboard */,
				BF7287FA2478D077009132B7 /* DraftLaunchScreen.storyboard */,
				388E1C2D24BC5BEB008DD24F /* MatchingTable.storyboard */,
			);
			path = Storyboards;
			sourceTree = "<group>";
		};
		7404BCC716FD2D435C65CFDF /* Pods */ = {
			isa = PBXGroup;
			children = (
				20E9DFAA2D02F041ACFEC8F2 /* Pods-draft.debug.xcconfig */,
				C5667709BEC8DB2B8A59C05F /* Pods-draft.release.xcconfig */,
				231252D2B1B9A2E0A0F90C73 /* Pods-Draft.debug.xcconfig */,
				07773BE7A08C0D41BC81B968 /* Pods-Draft.release.xcconfig */,
			);
			path = Pods;
			sourceTree = "<group>";
		};
		BF97A7C325456342003597FB /* Util */ = {
			isa = PBXGroup;
			children = (
				BF97A7C425456373003597FB /* AppKeys.swift */,
			);
			path = Util;
			sourceTree = "<group>";
		};
		E89FC6366113833467F61057 /* Frameworks */ = {
			isa = PBXGroup;
			children = (
				C6A7F0B294B87CAD1689B0A4 /* libPods-Draft.a */,
			);
			name = Frameworks;
			sourceTree = "<group>";
		};
/* End PBXGroup section */

/* Begin PBXNativeTarget section */
		3897037F24559A4900FF5077 /* Draft */ = {
			isa = PBXNativeTarget;
			buildConfigurationList = 389703AD24559A4C00FF5077 /* Build configuration list for PBXNativeTarget "Draft" */;
			buildPhases = (
				9422003225A05D24844305BF /* [CP] Check Pods Manifest.lock */,
				3897037C24559A4900FF5077 /* Sources */,
				3897037D24559A4900FF5077 /* Frameworks */,
				3897037E24559A4900FF5077 /* Resources */,
				EEEE18DE2735B6FC0F8BC64A /* [CP] Copy Pods Resources */,
			);
			buildRules = (
			);
			dependencies = (
			);
			name = Draft;
			productName = draft;
			productReference = 3897038024559A4900FF5077 /* Draft.app */;
			productType = "com.apple.product-type.application";
		};
		3897039824559A4C00FF5077 /* DraftTests */ = {
			isa = PBXNativeTarget;
			buildConfigurationList = 389703B024559A4C00FF5077 /* Build configuration list for PBXNativeTarget "DraftTests" */;
			buildPhases = (
				3897039524559A4C00FF5077 /* Sources */,
				3897039624559A4C00FF5077 /* Frameworks */,
				3897039724559A4C00FF5077 /* Resources */,
			);
			buildRules = (
			);
			dependencies = (
				3897039B24559A4C00FF5077 /* PBXTargetDependency */,
			);
			name = DraftTests;
			productName = draftTests;
			productReference = 3897039924559A4C00FF5077 /* DraftTests.xctest */;
			productType = "com.apple.product-type.bundle.unit-test";
		};
		389703A324559A4C00FF5077 /* DraftUITests */ = {
			isa = PBXNativeTarget;
			buildConfigurationList = 389703B324559A4C00FF5077 /* Build configuration list for PBXNativeTarget "DraftUITests" */;
			buildPhases = (
				389703A024559A4C00FF5077 /* Sources */,
				389703A124559A4C00FF5077 /* Frameworks */,
				389703A224559A4C00FF5077 /* Resources */,
			);
			buildRules = (
			);
			dependencies = (
				389703A624559A4C00FF5077 /* PBXTargetDependency */,
			);
			name = DraftUITests;
			productName = draftUITests;
			productReference = 389703A424559A4C00FF5077 /* DraftUITests.xctest */;
			productType = "com.apple.product-type.bundle.ui-testing";
		};
/* End PBXNativeTarget section */

/* Begin PBXProject section */
		3897037824559A4900FF5077 /* Project object */ = {
			isa = PBXProject;
			attributes = {
				LastSwiftUpdateCheck = 1140;
				LastUpgradeCheck = 1140;
				ORGANIZATIONNAME = JSKeum;
				TargetAttributes = {
					3897037F24559A4900FF5077 = {
						CreatedOnToolsVersion = 11.4;
					};
					3897039824559A4C00FF5077 = {
						CreatedOnToolsVersion = 11.4;
						TestTargetID = 3897037F24559A4900FF5077;
					};
					389703A324559A4C00FF5077 = {
						CreatedOnToolsVersion = 11.4;
						TestTargetID = 3897037F24559A4900FF5077;
					};
				};
			};
			buildConfigurationList = 3897037B24559A4900FF5077 /* Build configuration list for PBXProject "Draft" */;
			compatibilityVersion = "Xcode 9.3";
			developmentRegion = en;
			hasScannedForEncodings = 0;
			knownRegions = (
				en,
				Base,
			);
			mainGroup = 3897037724559A4900FF5077;
			productRefGroup = 3897038124559A4900FF5077 /* Products */;
			projectDirPath = "";
			projectRoot = "";
			targets = (
				3897037F24559A4900FF5077 /* Draft */,
				3897039824559A4C00FF5077 /* DraftTests */,
				389703A324559A4C00FF5077 /* DraftUITests */,
			);
		};
/* End PBXProject section */

/* Begin PBXResourcesBuildPhase section */
		3897037E24559A4900FF5077 /* Resources */ = {
			isa = PBXResourcesBuildPhase;
			buildActionMask = 2147483647;
			files = (
				3897039024559A4C00FF5077 /* Assets.xcassets in Resources */,
				3897038B24559A4900FF5077 /* Main.storyboard in Resources */,
				388E1C2E24BC5BEB008DD24F /* MatchingTable.storyboard in Resources */,
				BF7287FB2478D077009132B7 /* DraftLaunchScreen.storyboard in Resources */,
			);
			runOnlyForDeploymentPostprocessing = 0;
		};
		3897039724559A4C00FF5077 /* Resources */ = {
			isa = PBXResourcesBuildPhase;
			buildActionMask = 2147483647;
			files = (
				BF7287FC2478D077009132B7 /* DraftLaunchScreen.storyboard in Resources */,
			);
			runOnlyForDeploymentPostprocessing = 0;
		};
		389703A224559A4C00FF5077 /* Resources */ = {
			isa = PBXResourcesBuildPhase;
			buildActionMask = 2147483647;
			files = (
				BF7287FD2478D077009132B7 /* DraftLaunchScreen.storyboard in Resources */,
			);
			runOnlyForDeploymentPostprocessing = 0;
		};
/* End PBXResourcesBuildPhase section */

/* Begin PBXShellScriptBuildPhase section */
		9422003225A05D24844305BF /* [CP] Check Pods Manifest.lock */ = {
			isa = PBXShellScriptBuildPhase;
			buildActionMask = 2147483647;
			files = (
			);
			inputFileListPaths = (
			);
			inputPaths = (
				"${PODS_PODFILE_DIR_PATH}/Podfile.lock",
				"${PODS_ROOT}/Manifest.lock",
			);
			name = "[CP] Check Pods Manifest.lock";
			outputFileListPaths = (
			);
			outputPaths = (
				"$(DERIVED_FILE_DIR)/Pods-Draft-checkManifestLockResult.txt",
			);
			runOnlyForDeploymentPostprocessing = 0;
			shellPath = /bin/sh;
			shellScript = "diff \"${PODS_PODFILE_DIR_PATH}/Podfile.lock\" \"${PODS_ROOT}/Manifest.lock\" > /dev/null\nif [ $? != 0 ] ; then\n    # print error to STDERR\n    echo \"error: The sandbox is not in sync with the Podfile.lock. Run 'pod install' or update your CocoaPods installation.\" >&2\n    exit 1\nfi\n# This output is used by Xcode 'outputs' to avoid re-running this script phase.\necho \"SUCCESS\" > \"${SCRIPT_OUTPUT_FILE_0}\"\n";
			showEnvVarsInLog = 0;
		};
		EEEE18DE2735B6FC0F8BC64A /* [CP] Copy Pods Resources */ = {
			isa = PBXShellScriptBuildPhase;
			buildActionMask = 2147483647;
			files = (
			);
			inputFileListPaths = (
				"${PODS_ROOT}/Target Support Files/Pods-Draft/Pods-Draft-resources-${CONFIGURATION}-input-files.xcfilelist",
			);
			name = "[CP] Copy Pods Resources";
			outputFileListPaths = (
				"${PODS_ROOT}/Target Support Files/Pods-Draft/Pods-Draft-resources-${CONFIGURATION}-output-files.xcfilelist",
			);
			runOnlyForDeploymentPostprocessing = 0;
			shellPath = /bin/sh;
			shellScript = "\"${PODS_ROOT}/Target Support Files/Pods-Draft/Pods-Draft-resources.sh\"\n";
			showEnvVarsInLog = 0;
		};
/* End PBXShellScriptBuildPhase section */

/* Begin PBXSourcesBuildPhase section */
		3897037C24559A4900FF5077 /* Sources */ = {
			isa = PBXSourcesBuildPhase;
			buildActionMask = 2147483647;
			files = (
				38B0347F24F946EE005E759A /* OAuthSignUpViewController.swift in Sources */,
				384FA83924B9FC6600FB3CF4 /* RoomDetailVC+APIRequest.swift in Sources */,
				383D384D25455AB400AA3E74 /* APIRequests.swift in Sources */,
				3897038424559A4900FF5077 /* AppDelegate.swift in Sources */,
				386D72D4246312160099C35E /* RoomDetailViewController.swift in Sources */,
				BF9CF84724B7692500FEEC5E /* SignInViewController.swift in Sources */,
				380ABC8A24F9621400B212F0 /* SignInViewController+appleSignIn.swift in Sources */,
				389703BD2455A81400FF5077 /* MatchingTableViewController.swift in Sources */,
				380ABC8C24F9645B00B212F0 /* KeychainAccess.swift in Sources */,
				38B0347D24F8F9F8005E759A /* Constants.swift in Sources */,
				38D00C35248B3E7400F50F9B /* Model-utilities.swift in Sources */,
				38D00C32248B3D7500F50F9B /* RoomGroup.swift in Sources */,
				380B77C624C214FB00CB1CB2 /* GameDatePickerViewController.swift in Sources */,
				3897038E24559A4900FF5077 /* Draft.xcdatamodeld in Sources */,
				BFBE4D1B24C6F9B4005D2D32 /* User.swift in Sources */,
				386D72D2246311FF0099C35E /* RoomsByDate.swift in Sources */,
				BF97A7C525456373003597FB /* AppKeys.swift in Sources */,
				3837B51B24B5AF960085E821 /* MatchingTableVC+APIRequest.swift in Sources */,
				BF5401C524C853EB00D73368 /* SignUpViewController.swift in Sources */,
				386D72D0246311F40099C35E /* Room.swift in Sources */,
			);
			runOnlyForDeploymentPostprocessing = 0;
		};
		3897039524559A4C00FF5077 /* Sources */ = {
			isa = PBXSourcesBuildPhase;
			buildActionMask = 2147483647;
			files = (
				3837B51C24B5AF960085E821 /* MatchingTableVC+APIRequest.swift in Sources */,
				38969E0E24A6F7D70032F82C /* RoomRestAPITest.swift in Sources */,
				BF97A7C625456373003597FB /* AppKeys.swift in Sources */,
				38495BF8249DC22F0077C570 /* Model-utilities.swift in Sources */,
				38969E0F24A6F7F90032F82C /* MatchingTableViewController.swift in Sources */,
				383C9788246EE6390013E6AF /* RoomGroupTests.swift in Sources */,
				383C978A246EE6840013E6AF /* RoomsByDate.swift in Sources */,
				BF5401C624C853EB00D73368 /* SignUpViewController.swift in Sources */,
				BF9CF84824B7692500FEEC5E /* SignInViewController.swift in Sources */,
				383C978B246EEA420013E6AF /* Room.swift in Sources */,
				3897039E24559A4C00FF5077 /* DraftTests.swift in Sources */,
				38D00C33248B3D7500F50F9B /* RoomGroup.swift in Sources */,
				BFBE4D1C24C6F9B4005D2D32 /* User.swift in Sources */,
			);
			runOnlyForDeploymentPostprocessing = 0;
		};
		389703A024559A4C00FF5077 /* Sources */ = {
			isa = PBXSourcesBuildPhase;
			buildActionMask = 2147483647;
			files = (
				BF9CF84924B7692500FEEC5E /* SignInViewController.swift in Sources */,
				389703A924559A4C00FF5077 /* DraftUITests.swift in Sources */,
				BF5401C724C853EB00D73368 /* SignUpViewController.swift in Sources */,
				BF97A7C725456373003597FB /* AppKeys.swift in Sources */,
				BFBE4D1D24C6F9B4005D2D32 /* User.swift in Sources */,
			);
			runOnlyForDeploymentPostprocessing = 0;
		};
/* End PBXSourcesBuildPhase section */

/* Begin PBXTargetDependency section */
		3897039B24559A4C00FF5077 /* PBXTargetDependency */ = {
			isa = PBXTargetDependency;
			target = 3897037F24559A4900FF5077 /* Draft */;
			targetProxy = 3897039A24559A4C00FF5077 /* PBXContainerItemProxy */;
		};
		389703A624559A4C00FF5077 /* PBXTargetDependency */ = {
			isa = PBXTargetDependency;
			target = 3897037F24559A4900FF5077 /* Draft */;
			targetProxy = 389703A524559A4C00FF5077 /* PBXContainerItemProxy */;
		};
/* End PBXTargetDependency section */

/* Begin PBXVariantGroup section */
		3897038924559A4900FF5077 /* Main.storyboard */ = {
			isa = PBXVariantGroup;
			children = (
				3897038A24559A4900FF5077 /* Base */,
			);
			name = Main.storyboard;
			sourceTree = "<group>";
		};
/* End PBXVariantGroup section */

/* Begin XCBuildConfiguration section */
		389703AB24559A4C00FF5077 /* Debug */ = {
			isa = XCBuildConfiguration;
			buildSettings = {
				ALWAYS_SEARCH_USER_PATHS = NO;
				CLANG_ANALYZER_NONNULL = YES;
				CLANG_ANALYZER_NUMBER_OBJECT_CONVERSION = YES_AGGRESSIVE;
				CLANG_CXX_LANGUAGE_STANDARD = "gnu++14";
				CLANG_CXX_LIBRARY = "libc++";
				CLANG_ENABLE_MODULES = YES;
				CLANG_ENABLE_OBJC_ARC = YES;
				CLANG_ENABLE_OBJC_WEAK = YES;
				CLANG_WARN_BLOCK_CAPTURE_AUTORELEASING = YES;
				CLANG_WARN_BOOL_CONVERSION = YES;
				CLANG_WARN_COMMA = YES;
				CLANG_WARN_CONSTANT_CONVERSION = YES;
				CLANG_WARN_DEPRECATED_OBJC_IMPLEMENTATIONS = YES;
				CLANG_WARN_DIRECT_OBJC_ISA_USAGE = YES_ERROR;
				CLANG_WARN_DOCUMENTATION_COMMENTS = YES;
				CLANG_WARN_EMPTY_BODY = YES;
				CLANG_WARN_ENUM_CONVERSION = YES;
				CLANG_WARN_INFINITE_RECURSION = YES;
				CLANG_WARN_INT_CONVERSION = YES;
				CLANG_WARN_NON_LITERAL_NULL_CONVERSION = YES;
				CLANG_WARN_OBJC_IMPLICIT_RETAIN_SELF = YES;
				CLANG_WARN_OBJC_LITERAL_CONVERSION = YES;
				CLANG_WARN_OBJC_ROOT_CLASS = YES_ERROR;
				CLANG_WARN_RANGE_LOOP_ANALYSIS = YES;
				CLANG_WARN_STRICT_PROTOTYPES = YES;
				CLANG_WARN_SUSPICIOUS_MOVE = YES;
				CLANG_WARN_UNGUARDED_AVAILABILITY = YES_AGGRESSIVE;
				CLANG_WARN_UNREACHABLE_CODE = YES;
				CLANG_WARN__DUPLICATE_METHOD_MATCH = YES;
				COPY_PHASE_STRIP = NO;
				DEBUG_INFORMATION_FORMAT = dwarf;
				ENABLE_STRICT_OBJC_MSGSEND = YES;
				ENABLE_TESTABILITY = YES;
				GCC_C_LANGUAGE_STANDARD = gnu11;
				GCC_DYNAMIC_NO_PIC = NO;
				GCC_NO_COMMON_BLOCKS = YES;
				GCC_OPTIMIZATION_LEVEL = 0;
				GCC_PREPROCESSOR_DEFINITIONS = (
					"DEBUG=1",
					"$(inherited)",
				);
				GCC_WARN_64_TO_32_BIT_CONVERSION = YES;
				GCC_WARN_ABOUT_RETURN_TYPE = YES_ERROR;
				GCC_WARN_UNDECLARED_SELECTOR = YES;
				GCC_WARN_UNINITIALIZED_AUTOS = YES_AGGRESSIVE;
				GCC_WARN_UNUSED_FUNCTION = YES;
				GCC_WARN_UNUSED_VARIABLE = YES;
				IPHONEOS_DEPLOYMENT_TARGET = 13.5;
				MTL_ENABLE_DEBUG_INFO = INCLUDE_SOURCE;
				MTL_FAST_MATH = YES;
				ONLY_ACTIVE_ARCH = YES;
				SDKROOT = iphoneos;
				SWIFT_ACTIVE_COMPILATION_CONDITIONS = DEBUG;
				SWIFT_OPTIMIZATION_LEVEL = "-Onone";
			};
			name = Debug;
		};
		389703AC24559A4C00FF5077 /* Release */ = {
			isa = XCBuildConfiguration;
			buildSettings = {
				ALWAYS_SEARCH_USER_PATHS = NO;
				CLANG_ANALYZER_NONNULL = YES;
				CLANG_ANALYZER_NUMBER_OBJECT_CONVERSION = YES_AGGRESSIVE;
				CLANG_CXX_LANGUAGE_STANDARD = "gnu++14";
				CLANG_CXX_LIBRARY = "libc++";
				CLANG_ENABLE_MODULES = YES;
				CLANG_ENABLE_OBJC_ARC = YES;
				CLANG_ENABLE_OBJC_WEAK = YES;
				CLANG_WARN_BLOCK_CAPTURE_AUTORELEASING = YES;
				CLANG_WARN_BOOL_CONVERSION = YES;
				CLANG_WARN_COMMA = YES;
				CLANG_WARN_CONSTANT_CONVERSION = YES;
				CLANG_WARN_DEPRECATED_OBJC_IMPLEMENTATIONS = YES;
				CLANG_WARN_DIRECT_OBJC_ISA_USAGE = YES_ERROR;
				CLANG_WARN_DOCUMENTATION_COMMENTS = YES;
				CLANG_WARN_EMPTY_BODY = YES;
				CLANG_WARN_ENUM_CONVERSION = YES;
				CLANG_WARN_INFINITE_RECURSION = YES;
				CLANG_WARN_INT_CONVERSION = YES;
				CLANG_WARN_NON_LITERAL_NULL_CONVERSION = YES;
				CLANG_WARN_OBJC_IMPLICIT_RETAIN_SELF = YES;
				CLANG_WARN_OBJC_LITERAL_CONVERSION = YES;
				CLANG_WARN_OBJC_ROOT_CLASS = YES_ERROR;
				CLANG_WARN_RANGE_LOOP_ANALYSIS = YES;
				CLANG_WARN_STRICT_PROTOTYPES = YES;
				CLANG_WARN_SUSPICIOUS_MOVE = YES;
				CLANG_WARN_UNGUARDED_AVAILABILITY = YES_AGGRESSIVE;
				CLANG_WARN_UNREACHABLE_CODE = YES;
				CLANG_WARN__DUPLICATE_METHOD_MATCH = YES;
				COPY_PHASE_STRIP = NO;
				DEBUG_INFORMATION_FORMAT = "dwarf-with-dsym";
				ENABLE_NS_ASSERTIONS = NO;
				ENABLE_STRICT_OBJC_MSGSEND = YES;
				GCC_C_LANGUAGE_STANDARD = gnu11;
				GCC_NO_COMMON_BLOCKS = YES;
				GCC_WARN_64_TO_32_BIT_CONVERSION = YES;
				GCC_WARN_ABOUT_RETURN_TYPE = YES_ERROR;
				GCC_WARN_UNDECLARED_SELECTOR = YES;
				GCC_WARN_UNINITIALIZED_AUTOS = YES_AGGRESSIVE;
				GCC_WARN_UNUSED_FUNCTION = YES;
				GCC_WARN_UNUSED_VARIABLE = YES;
				IPHONEOS_DEPLOYMENT_TARGET = 13.5;
				MTL_ENABLE_DEBUG_INFO = NO;
				MTL_FAST_MATH = YES;
				SDKROOT = iphoneos;
				SWIFT_COMPILATION_MODE = wholemodule;
				SWIFT_OPTIMIZATION_LEVEL = "-O";
				VALIDATE_PRODUCT = YES;
			};
			name = Release;
		};
		389703AE24559A4C00FF5077 /* Debug */ = {
			isa = XCBuildConfiguration;
			baseConfigurationReference = 231252D2B1B9A2E0A0F90C73 /* Pods-Draft.debug.xcconfig */;
			buildSettings = {
				ASSETCATALOG_COMPILER_APPICON_NAME = AppIcon;
				CODE_SIGN_ENTITLEMENTS = draft/draft.entitlements;
				CODE_SIGN_IDENTITY = "iPhone Developer";
				CODE_SIGN_STYLE = Manual;
				DEVELOPMENT_TEAM = M974BXPS92;
				INFOPLIST_FILE = Draft/Info.plist;
				IPHONEOS_DEPLOYMENT_TARGET = 13.1;
				LD_RUNPATH_SEARCH_PATHS = (
					"$(inherited)",
					"@executable_path/Frameworks",
				);
				PRODUCT_BUNDLE_IDENTIFIER = com.draft.waffle;
				PRODUCT_NAME = "$(TARGET_NAME)";
				PROVISIONING_PROFILE_SPECIFIER = "Han Sanghyeon Draft";
				SWIFT_VERSION = 5.0;
				TARGETED_DEVICE_FAMILY = "1,2";
			};
			name = Debug;
		};
		389703AF24559A4C00FF5077 /* Release */ = {
			isa = XCBuildConfiguration;
			baseConfigurationReference = 07773BE7A08C0D41BC81B968 /* Pods-Draft.release.xcconfig */;
			buildSettings = {
				ASSETCATALOG_COMPILER_APPICON_NAME = AppIcon;
				CODE_SIGN_ENTITLEMENTS = draft/draft.entitlements;
				CODE_SIGN_IDENTITY = "iPhone Developer";
				CODE_SIGN_STYLE = Manual;
				DEVELOPMENT_TEAM = M974BXPS92;
				INFOPLIST_FILE = Draft/Info.plist;
				IPHONEOS_DEPLOYMENT_TARGET = 13.1;
				LD_RUNPATH_SEARCH_PATHS = (
					"$(inherited)",
					"@executable_path/Frameworks",
				);
				PRODUCT_BUNDLE_IDENTIFIER = com.draft.waffle;
				PRODUCT_NAME = "$(TARGET_NAME)";
				PROVISIONING_PROFILE_SPECIFIER = "Han Sanghyeon Draft";
				SWIFT_VERSION = 5.0;
				TARGETED_DEVICE_FAMILY = "1,2";
			};
			name = Release;
		};
		389703B124559A4C00FF5077 /* Debug */ = {
			isa = XCBuildConfiguration;
			buildSettings = {
				ALWAYS_EMBED_SWIFT_STANDARD_LIBRARIES = YES;
				BUNDLE_LOADER = "$(TEST_HOST)";
				CODE_SIGN_STYLE = Automatic;
				INFOPLIST_FILE = draftTests/Info.plist;
				IPHONEOS_DEPLOYMENT_TARGET = 13.4;
				LD_RUNPATH_SEARCH_PATHS = (
					"$(inherited)",
					"@executable_path/Frameworks",
					"@loader_path/Frameworks",
				);
				PRODUCT_BUNDLE_IDENTIFIER = com.draftTests;
				PRODUCT_NAME = "$(TARGET_NAME)";
				SWIFT_VERSION = 5.0;
				TARGETED_DEVICE_FAMILY = "1,2";
				TEST_HOST = "$(BUILT_PRODUCTS_DIR)/Draft.app/Draft";
			};
			name = Debug;
		};
		389703B224559A4C00FF5077 /* Release */ = {
			isa = XCBuildConfiguration;
			buildSettings = {
				ALWAYS_EMBED_SWIFT_STANDARD_LIBRARIES = YES;
				BUNDLE_LOADER = "$(TEST_HOST)";
				CODE_SIGN_STYLE = Automatic;
				INFOPLIST_FILE = draftTests/Info.plist;
				IPHONEOS_DEPLOYMENT_TARGET = 13.4;
				LD_RUNPATH_SEARCH_PATHS = (
					"$(inherited)",
					"@executable_path/Frameworks",
					"@loader_path/Frameworks",
				);
				PRODUCT_BUNDLE_IDENTIFIER = com.draftTests;
				PRODUCT_NAME = "$(TARGET_NAME)";
				SWIFT_VERSION = 5.0;
				TARGETED_DEVICE_FAMILY = "1,2";
				TEST_HOST = "$(BUILT_PRODUCTS_DIR)/Draft.app/Draft";
			};
			name = Release;
		};
		389703B424559A4C00FF5077 /* Debug */ = {
			isa = XCBuildConfiguration;
			buildSettings = {
				ALWAYS_EMBED_SWIFT_STANDARD_LIBRARIES = YES;
				CODE_SIGN_STYLE = Automatic;
				INFOPLIST_FILE = draftUITests/Info.plist;
				LD_RUNPATH_SEARCH_PATHS = (
					"$(inherited)",
					"@executable_path/Frameworks",
					"@loader_path/Frameworks",
				);
				PRODUCT_BUNDLE_IDENTIFIER = com.draftUITests;
				PRODUCT_NAME = "$(TARGET_NAME)";
				SWIFT_VERSION = 5.0;
				TARGETED_DEVICE_FAMILY = "1,2";
				TEST_TARGET_NAME = draft;
			};
			name = Debug;
		};
		389703B524559A4C00FF5077 /* Release */ = {
			isa = XCBuildConfiguration;
			buildSettings = {
				ALWAYS_EMBED_SWIFT_STANDARD_LIBRARIES = YES;
				CODE_SIGN_STYLE = Automatic;
				INFOPLIST_FILE = draftUITests/Info.plist;
				LD_RUNPATH_SEARCH_PATHS = (
					"$(inherited)",
					"@executable_path/Frameworks",
					"@loader_path/Frameworks",
				);
				PRODUCT_BUNDLE_IDENTIFIER = com.draftUITests;
				PRODUCT_NAME = "$(TARGET_NAME)";
				SWIFT_VERSION = 5.0;
				TARGETED_DEVICE_FAMILY = "1,2";
				TEST_TARGET_NAME = draft;
			};
			name = Release;
		};
/* End XCBuildConfiguration section */

/* Begin XCConfigurationList section */
		3897037B24559A4900FF5077 /* Build configuration list for PBXProject "Draft" */ = {
			isa = XCConfigurationList;
			buildConfigurations = (
				389703AB24559A4C00FF5077 /* Debug */,
				389703AC24559A4C00FF5077 /* Release */,
			);
			defaultConfigurationIsVisible = 0;
			defaultConfigurationName = Release;
		};
		389703AD24559A4C00FF5077 /* Build configuration list for PBXNativeTarget "Draft" */ = {
			isa = XCConfigurationList;
			buildConfigurations = (
				389703AE24559A4C00FF5077 /* Debug */,
				389703AF24559A4C00FF5077 /* Release */,
			);
			defaultConfigurationIsVisible = 0;
			defaultConfigurationName = Release;
		};
		389703B024559A4C00FF5077 /* Build configuration list for PBXNativeTarget "DraftTests" */ = {
			isa = XCConfigurationList;
			buildConfigurations = (
				389703B124559A4C00FF5077 /* Debug */,
				389703B224559A4C00FF5077 /* Release */,
			);
			defaultConfigurationIsVisible = 0;
			defaultConfigurationName = Release;
		};
		389703B324559A4C00FF5077 /* Build configuration list for PBXNativeTarget "DraftUITests" */ = {
			isa = XCConfigurationList;
			buildConfigurations = (
				389703B424559A4C00FF5077 /* Debug */,
				389703B524559A4C00FF5077 /* Release */,
			);
			defaultConfigurationIsVisible = 0;
			defaultConfigurationName = Release;
		};
/* End XCConfigurationList section */

/* Begin XCVersionGroup section */
		3897038C24559A4900FF5077 /* Draft.xcdatamodeld */ = {
			isa = XCVersionGroup;
			children = (
				3897038D24559A4900FF5077 /* Draft.xcdatamodel */,
			);
			currentVersion = 3897038D24559A4900FF5077 /* Draft.xcdatamodel */;
			path = Draft.xcdatamodeld;
			sourceTree = "<group>";
			versionGroupType = wrapper.xcdatamodel;
		};
/* End XCVersionGroup section */
	};
	rootObject = 3897037824559A4900FF5077 /* Project object */;
}
